PODS:
  - AccountTV (0.1.0):
    - Networking
    - Persistence
    - RxCocoa (~> 5.0.0)
    - RxDataSources (~> 4.0.0)
    - RxSwift (~> 5.0.0)
    - Shared
    - TVShowsList
    - UI
  - AccountTV/Tests (0.1.0):
    - iOSSnapshotTestCase
    - Networking
    - Nimble
    - Persistence
    - Quick
    - RxBlocking
    - RxCocoa (~> 5.0.0)
    - RxDataSources (~> 4.0.0)
    - RxSwift (~> 5.0.0)
    - RxTest
    - Shared
    - TVShowsList
    - UI
  - AiringToday (0.1.0):
    - Networking
    - Persistence
    - RxCocoa (~> 5.0.0)
    - RxDataSources (~> 4.0.0)
    - RxSwift (~> 5.0.0)
    - Shared
    - ShowDetails
    - UI
  - AiringToday/Tests (0.1.0):
    - iOSSnapshotTestCase
    - Networking
    - Nimble
    - Persistence
    - Quick
    - RxBlocking
    - RxCocoa (~> 5.0.0)
    - RxDataSources (~> 4.0.0)
    - RxSwift (~> 5.0.0)
    - RxTest
    - Shared
    - ShowDetails
    - UI
  - Differentiator (4.0.1)
  - iOSSnapshotTestCase (7.0.0):
    - iOSSnapshotTestCase/SwiftSupport (= 7.0.0)
  - iOSSnapshotTestCase/Core (7.0.0)
  - iOSSnapshotTestCase/SwiftSupport (7.0.0):
    - iOSSnapshotTestCase/Core
  - KeyChainStorage (0.1.0):
    - KeychainSwift (~> 14.0)
  - KeychainSwift (14.0.2)
  - Kingfisher (5.13.4):
    - Kingfisher/Core (= 5.13.4)
  - Kingfisher/Core (5.13.4)
  - Networking (0.1.0):
    - RxSwift (~> 5.0.0)
  - Nimble (9.2.1)
  - Persistence (0.1.0):
    - RxSwift (~> 5.0.0)
    - Shared
  - PopularShows (0.1.0):
    - Networking
    - Persistence
    - RxCocoa (~> 5.0.0)
    - RxDataSources (~> 4.0.0)
    - RxSwift (~> 5.0.0)
    - Shared
    - ShowDetails
  - PopularShows/Tests (0.1.0):
    - iOSSnapshotTestCase
    - Networking
    - Nimble
    - Persistence
    - Quick
    - RxBlocking
    - RxCocoa (~> 5.0.0)
    - RxDataSources (~> 4.0.0)
    - RxSwift (~> 5.0.0)
    - RxTest
    - Shared
    - ShowDetails
  - Quick (4.0.0)
  - Realm (10.5.2):
    - Realm/Headers (= 10.5.2)
  - Realm/Headers (10.5.2)
  - RealmPersistence (0.1.0):
    - Persistence
    - Realm (~> 10.5.2)
    - RealmSwift (~> 10.5.2)
    - RxSwift (~> 5.0.0)
  - RealmSwift (10.5.2):
    - Realm (= 10.5.2)
  - RxBlocking (5.1.3):
    - RxSwift (~> 5)
  - RxCocoa (5.0.1):
    - RxRelay (~> 5)
    - RxSwift (~> 5)
  - RxDataSources (4.0.1):
    - Differentiator (~> 4.0)
    - RxCocoa (~> 5.0)
    - RxSwift (~> 5.0)
  - RxRelay (5.1.3):
    - RxSwift (~> 5)
  - RxSwift (5.0.1)
  - RxTest (5.1.3):
    - RxSwift (~> 5)
  - SearchShows (0.1.0):
    - Networking
    - Persistence
    - RxCocoa (~> 5.0.0)
    - RxDataSources (~> 4.0.0)
    - RxSwift (~> 5.0.0)
    - Shared
    - TVShowsList
  - SearchShows/Tests (0.1.0):
    - iOSSnapshotTestCase
    - Networking
    - Nimble
    - Persistence
    - Quick
    - RxBlocking
    - RxCocoa (~> 5.0.0)
    - RxDataSources (~> 4.0.0)
    - RxSwift (~> 5.0.0)
    - RxTest
    - Shared
    - TVShowsList
  - Shared (0.1.0):
    - KeyChainStorage
    - Kingfisher (~> 5.13.0)
    - Networking
    - UI
  - ShowDetails (0.1.0):
    - Networking
    - Persistence
    - RxCocoa (~> 5.0.0)
    - RxDataSources (~> 4.0.0)
    - RxSwift (~> 5.0.0)
    - Shared
    - UI
  - ShowDetails/Tests (0.1.0):
    - iOSSnapshotTestCase
    - Networking
    - Nimble
    - Persistence
    - Quick
    - RxBlocking
    - RxCocoa (~> 5.0.0)
    - RxDataSources (~> 4.0.0)
    - RxSwift (~> 5.0.0)
    - RxTest
    - Shared
    - UI
  - TVShowsList (0.1.0):
    - Networking
    - Persistence
    - RxCocoa (~> 5.0.0)
    - RxDataSources (~> 4.0.0)
    - RxSwift (~> 5.0.0)
    - Shared
    - ShowDetails
  - TVShowsList/Tests (0.1.0):
    - iOSSnapshotTestCase
    - Networking
    - Nimble
    - Persistence
    - Quick
    - RxBlocking
    - RxCocoa (~> 5.0.0)
    - RxDataSources (~> 4.0.0)
    - RxSwift (~> 5.0.0)
    - RxTest
    - Shared
    - ShowDetails
  - UI (0.1.0)

DEPENDENCIES:
  - AccountTV (from `DevPods/Account`)
  - AccountTV/Tests (from `DevPods/Account`)
  - AiringToday (from `DevPods/AiringToday`)
  - AiringToday/Tests (from `DevPods/AiringToday`)
  - KeyChainStorage (from `DevPods/KeyChainStorage`)
  - Networking (from `DevPods/Networking`)
  - Persistence (from `DevPods/Persistence`)
  - PopularShows (from `DevPods/PopularShows`)
  - PopularShows/Tests (from `DevPods/PopularShows`)
  - RealmPersistence (from `DevPods/RealmPersistence`)
  - SearchShows (from `DevPods/SearchShows`)
  - SearchShows/Tests (from `DevPods/SearchShows`)
  - Shared (from `DevPods/Shared`)
  - ShowDetails (from `DevPods/ShowDetails`)
  - ShowDetails/Tests (from `DevPods/ShowDetails`)
  - TVShowsList (from `DevPods/TVShowsList`)
  - TVShowsList/Tests (from `DevPods/TVShowsList`)
  - UI (from `DevPods/UI`)

SPEC REPOS:
  trunk:
    - Differentiator
    - iOSSnapshotTestCase
    - KeychainSwift
    - Kingfisher
    - Nimble
    - Quick
    - Realm
    - RealmSwift
    - RxBlocking
    - RxCocoa
    - RxDataSources
    - RxRelay
    - RxSwift
    - RxTest

EXTERNAL SOURCES:
  AccountTV:
    :path: DevPods/Account
  AiringToday:
    :path: DevPods/AiringToday
  KeyChainStorage:
    :path: DevPods/KeyChainStorage
  Networking:
    :path: DevPods/Networking
  Persistence:
    :path: DevPods/Persistence
  PopularShows:
    :path: DevPods/PopularShows
  RealmPersistence:
    :path: DevPods/RealmPersistence
  SearchShows:
    :path: DevPods/SearchShows
  Shared:
    :path: DevPods/Shared
  ShowDetails:
    :path: DevPods/ShowDetails
  TVShowsList:
    :path: DevPods/TVShowsList
  UI:
    :path: DevPods/UI

SPEC CHECKSUMS:
  AccountTV: 304bb9e895099abed2af3e86f013640b9293031b
  AiringToday: 096d38ed792775c962715780b0ea12b6ad287a87
  Differentiator: 886080237d9f87f322641dedbc5be257061b0602
  iOSSnapshotTestCase: 63402a5707db9c4103b6cc3f04c76e981fff7952
  KeyChainStorage: 641120d8b3d3cbdf9605c21a6daa7d327fafb262
  KeychainSwift: b90e7ed24e6ec9f98c304b580c86a3ada081a3e5
  Kingfisher: d2279a7abece3c7f25a80cd2b7f363ca5cf3f44c
  Networking: ac58503fe5f1b6d04d6414932d398eb0b2c9f746
  Nimble: e7e615c0335ee4bf5b0d786685451e62746117d5
  Persistence: 5dc010c9cae0f241c9ebd5fc5f474423e976e63f
  PopularShows: 3d7a2aa50d17b6e4329394b1e878a52055a8d144
  Quick: 6473349e43b9271a8d43839d9ba1c442ed1b7ac4
  Realm: 2e1bc0d28301006176692da234deff51f867d5ae
  RealmPersistence: a4dc59ee439794140eada872689df86ad20ad386
  RealmSwift: a522ad39715e8b4e491af4460059bc32b84f5a9b
  RxBlocking: 5aed110d3996c0a4b07340810b9ba230fa70df5c
  RxCocoa: e741b9749968e8a143e2b787f1dfbff2b63d0a5c
  RxDataSources: efee07fa4de48477eca0a4611e6d11e2da9c1114
  RxRelay: 5a18c2eb2d68326ebaf0112f80d837ae41b92b97
  RxSwift: e2dc62b366a3adf6a0be44ba9f405efd4c94e0c4
  RxTest: 937ba521d3f6dca7db49f76cd5d372cfce6091cb
  SearchShows: 88a34ba01cf93cff7624b130cb9a55f386b94ef4
  Shared: 0f8f9cf5d35ee48782545d31d341eb6561b163c7
  ShowDetails: c5294ceaff76ae438c2df574705795be05203e3c
  TVShowsList: 9f6a74844f1fd1cf1e6410706f79aefef0bd5545
  UI: e4bb340d016186906a94c1acf88a4c3e630e3051

PODFILE CHECKSUM: ac4a3ba1121fb18a4d31f73cccf3aef7610dc5ca

COCOAPODS: 1.10.2
