// !$*UTF8*$!
{
	archiveVersion = 1;
	classes = {
	};
	objectVersion = 51;
	objects = {

/* Begin PBXBuildFile section */
		0B58BC9FA5F959E417DFC783 /* Pods_TVToday.framework in Frameworks */ = {isa = PBXBuildFile; fileRef = DE94CDC6BAA4992FDBBFA2F8 /* Pods_TVToday.framework */; };
		7701B33423D0BDBD003DA227 /* TVShow+Decodable.swift in Sources */ = {isa = PBXBuildFile; fileRef = 7701B33323D0BDBD003DA227 /* TVShow+Decodable.swift */; };
		7701B33623D0C08B003DA227 /* Genre+Decodable.swift in Sources */ = {isa = PBXBuildFile; fileRef = 7701B33523D0C08B003DA227 /* Genre+Decodable.swift */; };
		7701B33823D0C0C5003DA227 /* TVShowDetailResult+Decodable.swift in Sources */ = {isa = PBXBuildFile; fileRef = 7701B33723D0C0C5003DA227 /* TVShowDetailResult+Decodable.swift */; };
		7701B33A23D0C3E3003DA227 /* Episode+Decodable.swift in Sources */ = {isa = PBXBuildFile; fileRef = 7701B33923D0C3E3003DA227 /* Episode+Decodable.swift */; };
		7701B33C23D0C44D003DA227 /* GenreListResult+Decodable.swift in Sources */ = {isa = PBXBuildFile; fileRef = 7701B33B23D0C44D003DA227 /* GenreListResult+Decodable.swift */; };
		7701B33E23D0C49D003DA227 /* SeasonResult+Decodable.swift in Sources */ = {isa = PBXBuildFile; fileRef = 7701B33D23D0C49D003DA227 /* SeasonResult+Decodable.swift */; };
		770373872345134100775698 /* AiringTodayCollectionViewCell.swift in Sources */ = {isa = PBXBuildFile; fileRef = 770373852345134100775698 /* AiringTodayCollectionViewCell.swift */; };
		770373882345134100775698 /* AiringTodayCollectionViewCell.xib in Resources */ = {isa = PBXBuildFile; fileRef = 770373862345134100775698 /* AiringTodayCollectionViewCell.xib */; };
		7703738B234517B000775698 /* AiringTodayCollectionViewModel.swift in Sources */ = {isa = PBXBuildFile; fileRef = 7703738A234517B000775698 /* AiringTodayCollectionViewModel.swift */; };
		77054AAA233999440026B868 /* EpisodeItemViewModel.swift in Sources */ = {isa = PBXBuildFile; fileRef = 77054AA9233999430026B868 /* EpisodeItemViewModel.swift */; };
		770860EE23CE6C4900625183 /* TVShowResult+Decodable.swift in Sources */ = {isa = PBXBuildFile; fileRef = 770860ED23CE6C4900625183 /* TVShowResult+Decodable.swift */; };
		770860F423CE6EB100625183 /* AppConfigurations.swift in Sources */ = {isa = PBXBuildFile; fileRef = 770860F323CE6EB100625183 /* AppConfigurations.swift */; };
		770860FB23CE753200625183 /* StoryboardInstantiable.swift in Sources */ = {isa = PBXBuildFile; fileRef = 770860FA23CE753200625183 /* StoryboardInstantiable.swift */; };
		770A117D23D2250D00B57A6F /* ResultListView.swift in Sources */ = {isa = PBXBuildFile; fileRef = 770A117C23D2250D00B57A6F /* ResultListView.swift */; };
		770A4544242D8DC6005DF8AA /* SectionAiringToday.swift in Sources */ = {isa = PBXBuildFile; fileRef = 770A4543242D8DC6005DF8AA /* SectionAiringToday.swift */; };
		770B5C35230E06B2002019E6 /* TVShowDetailResult.swift in Sources */ = {isa = PBXBuildFile; fileRef = 770B5C34230E06B2002019E6 /* TVShowDetailResult.swift */; };
		770D1036233941BF00CD84B2 /* EpisodeItemTableViewCell.swift in Sources */ = {isa = PBXBuildFile; fileRef = 770D1034233941BF00CD84B2 /* EpisodeItemTableViewCell.swift */; };
		770D1037233941BF00CD84B2 /* EpisodeItemTableViewCell.xib in Resources */ = {isa = PBXBuildFile; fileRef = 770D1035233941BF00CD84B2 /* EpisodeItemTableViewCell.xib */; };
		770D5B2E233584F000438937 /* SeasonResult.swift in Sources */ = {isa = PBXBuildFile; fileRef = 770D5B2D233584F000438937 /* SeasonResult.swift */; };
		770D5B302335858800438937 /* Episode.swift in Sources */ = {isa = PBXBuildFile; fileRef = 770D5B2F2335858800438937 /* Episode.swift */; };
		7716DD33242E3FEB009A0EDC /* MessageView.swift in Sources */ = {isa = PBXBuildFile; fileRef = 7716DD32242E3FEB009A0EDC /* MessageView.swift */; };
		77193F37232FE0CB007FA822 /* ShowsViewModel.swift in Sources */ = {isa = PBXBuildFile; fileRef = 77193F36232FE0CB007FA822 /* ShowsViewModel.swift */; };
		77193F3B232FE2D9007FA822 /* PopularsViewModel.swift in Sources */ = {isa = PBXBuildFile; fileRef = 77193F3A232FE2D9007FA822 /* PopularsViewModel.swift */; };
		77193F3D232FE57F007FA822 /* TVShowListViewModel.swift in Sources */ = {isa = PBXBuildFile; fileRef = 77193F3C232FE57F007FA822 /* TVShowListViewModel.swift */; };
		77193F3F232FEB4A007FA822 /* SearchViewModel.swift in Sources */ = {isa = PBXBuildFile; fileRef = 77193F3E232FEB4A007FA822 /* SearchViewModel.swift */; };
		77193F42232FF168007FA822 /* ResultsSearchViewModel.swift in Sources */ = {isa = PBXBuildFile; fileRef = 77193F41232FF168007FA822 /* ResultsSearchViewModel.swift */; };
		77193F44232FF8F5007FA822 /* TVShowDetailViewModel.swift in Sources */ = {isa = PBXBuildFile; fileRef = 77193F43232FF8F5007FA822 /* TVShowDetailViewModel.swift */; };
		772244B72358B1B000AB67DA /* FooterReusableView.swift in Sources */ = {isa = PBXBuildFile; fileRef = 772244B62358B1B000AB67DA /* FooterReusableView.swift */; };
		7722CE52230D7DFA003DC4C5 /* PopularsViewController.swift in Sources */ = {isa = PBXBuildFile; fileRef = 7722CE51230D7DFA003DC4C5 /* PopularsViewController.swift */; };
		7722CE58230D90AF003DC4C5 /* Genre.swift in Sources */ = {isa = PBXBuildFile; fileRef = 7722CE57230D90AF003DC4C5 /* Genre.swift */; };
		7722CE5A230D924C003DC4C5 /* SearchViewController.swift in Sources */ = {isa = PBXBuildFile; fileRef = 7722CE59230D924C003DC4C5 /* SearchViewController.swift */; };
		7722CE5E230D9A36003DC4C5 /* GenreListResult.swift in Sources */ = {isa = PBXBuildFile; fileRef = 7722CE5D230D9A36003DC4C5 /* GenreListResult.swift */; };
		7722CE60230DA1C3003DC4C5 /* TVShowDetailViewController.swift in Sources */ = {isa = PBXBuildFile; fileRef = 7722CE5F230DA1C3003DC4C5 /* TVShowDetailViewController.swift */; };
		7726FE3F249D5F3F00D83C35 /* AccountViewController.storyboard in Resources */ = {isa = PBXBuildFile; fileRef = 7726FE3E249D5F3F00D83C35 /* AccountViewController.storyboard */; };
		7726FE41249D5F4D00D83C35 /* AccountViewController.swift in Sources */ = {isa = PBXBuildFile; fileRef = 7726FE40249D5F4D00D83C35 /* AccountViewController.swift */; };
		7726FE43249D5F5600D83C35 /* AccountViewModel.swift in Sources */ = {isa = PBXBuildFile; fileRef = 7726FE42249D5F5600D83C35 /* AccountViewModel.swift */; };
		7726FE46249D67CC00D83C35 /* AccountFlow.swift in Sources */ = {isa = PBXBuildFile; fileRef = 7726FE45249D67CC00D83C35 /* AccountFlow.swift */; };
		7726FE48249D72CA00D83C35 /* SignInViewController.swift in Sources */ = {isa = PBXBuildFile; fileRef = 7726FE47249D72CA00D83C35 /* SignInViewController.swift */; };
		7726FE4A249D72DA00D83C35 /* ProfileViewController.swift in Sources */ = {isa = PBXBuildFile; fileRef = 7726FE49249D72DA00D83C35 /* ProfileViewController.swift */; };
		7726FE4C249D743900D83C35 /* SignInViewModel.swift in Sources */ = {isa = PBXBuildFile; fileRef = 7726FE4B249D743900D83C35 /* SignInViewModel.swift */; };
		7726FE4E249D793900D83C35 /* ProfileViewModel.swift in Sources */ = {isa = PBXBuildFile; fileRef = 7726FE4D249D793900D83C35 /* ProfileViewModel.swift */; };
		7726FE50249D82C500D83C35 /* UIViewController+Extensions.swift in Sources */ = {isa = PBXBuildFile; fileRef = 7726FE4F249D82C500D83C35 /* UIViewController+Extensions.swift */; };
		7726FE52249D882700D83C35 /* AuthProvider.swift in Sources */ = {isa = PBXBuildFile; fileRef = 7726FE51249D882700D83C35 /* AuthProvider.swift */; };
		7726FE54249D8CD000D83C35 /* URLRequest+Extensions.swift in Sources */ = {isa = PBXBuildFile; fileRef = 7726FE53249D8CD000D83C35 /* URLRequest+Extensions.swift */; };
		772C5104242C0B020014F96D /* UIImageView+Kingfisher.swift in Sources */ = {isa = PBXBuildFile; fileRef = 772C5103242C0B020014F96D /* UIImageView+Kingfisher.swift */; };
		7733F14724323EE700B41031 /* Episode+SectionModelType.swift in Sources */ = {isa = PBXBuildFile; fileRef = 7733F14624323EE700B41031 /* Episode+SectionModelType.swift */; };
		7736A08B231FF84A00566F0B /* AiringTodayViewController.storyboard in Resources */ = {isa = PBXBuildFile; fileRef = 7736A08A231FF84A00566F0B /* AiringTodayViewController.storyboard */; };
		7736A08D231FF8BF00566F0B /* PopularsViewController.storyboard in Resources */ = {isa = PBXBuildFile; fileRef = 7736A08C231FF8BF00566F0B /* PopularsViewController.storyboard */; };
		7736A091231FFFD300566F0B /* SearchViewController.storyboard in Resources */ = {isa = PBXBuildFile; fileRef = 7736A090231FFFD300566F0B /* SearchViewController.storyboard */; };
		77443BAC249F403300703EA9 /* CreateSession.swift in Sources */ = {isa = PBXBuildFile; fileRef = 77443BAB249F403300703EA9 /* CreateSession.swift */; };
		774688BB243D0EEA00822598 /* PopularFlow.swift in Sources */ = {isa = PBXBuildFile; fileRef = 774688BA243D0EEA00822598 /* PopularFlow.swift */; };
		774688BD243D132700822598 /* SearchFlow.swift in Sources */ = {isa = PBXBuildFile; fileRef = 774688BC243D132700822598 /* SearchFlow.swift */; };
		77544E672433FBBD00F02F9D /* SeasonsSectionModel.swift in Sources */ = {isa = PBXBuildFile; fileRef = 77544E662433FBBD00F02F9D /* SeasonsSectionModel.swift */; };
		7755D6DE23CCCD860083CB53 /* SimpleViewState.swift in Sources */ = {isa = PBXBuildFile; fileRef = 7755D6DD23CCCD860083CB53 /* SimpleViewState.swift */; };
		775927A12434FA1C004BB04E /* MessageImageView.swift in Sources */ = {isa = PBXBuildFile; fileRef = 775927A02434FA1C004BB04E /* MessageImageView.swift */; };
		7762A948249DB5A200E00CDD /* AuthPermissionViewController.swift in Sources */ = {isa = PBXBuildFile; fileRef = 7762A947249DB5A200E00CDD /* AuthPermissionViewController.swift */; };
		7762A94A249DB63B00E00CDD /* AuthPermissionViewModel.swift in Sources */ = {isa = PBXBuildFile; fileRef = 7762A949249DB63B00E00CDD /* AuthPermissionViewModel.swift */; };
		7762A94C249DC78300E00CDD /* WebKit.framework in Frameworks */ = {isa = PBXBuildFile; fileRef = 7762A94B249DC78300E00CDD /* WebKit.framework */; };
		7777E6E8243D3CCE00058686 /* TVShowDetailFlow.swift in Sources */ = {isa = PBXBuildFile; fileRef = 7777E6E7243D3CCE00058686 /* TVShowDetailFlow.swift */; };
		777B1776243CD3CD002D5DCF /* AppDIContainer.swift in Sources */ = {isa = PBXBuildFile; fileRef = 777B1775243CD3CD002D5DCF /* AppDIContainer.swift */; };
		777B1778243CD676002D5DCF /* AppFlow.swift in Sources */ = {isa = PBXBuildFile; fileRef = 777B1777243CD676002D5DCF /* AppFlow.swift */; };
		777B177A243CD9AC002D5DCF /* SignedFlow.swift in Sources */ = {isa = PBXBuildFile; fileRef = 777B1779243CD9AC002D5DCF /* SignedFlow.swift */; };
		777B177E243CE1DA002D5DCF /* AiringTodayFlow.swift in Sources */ = {isa = PBXBuildFile; fileRef = 777B177D243CE1DA002D5DCF /* AiringTodayFlow.swift */; };
		7787CFD123553EC1007DA54E /* EndPoint.swift in Sources */ = {isa = PBXBuildFile; fileRef = 7787CFD023553EC1007DA54E /* EndPoint.swift */; };
		7787CFD323553ED0007DA54E /* ApiError.swift in Sources */ = {isa = PBXBuildFile; fileRef = 7787CFD223553ED0007DA54E /* ApiError.swift */; };
		7787CFD723554208007DA54E /* TVShowsProvider.swift in Sources */ = {isa = PBXBuildFile; fileRef = 7787CFD623554208007DA54E /* TVShowsProvider.swift */; };
		7787CFDA23554290007DA54E /* GenreProvider.swift in Sources */ = {isa = PBXBuildFile; fileRef = 7787CFD923554290007DA54E /* GenreProvider.swift */; };
		7788BFDD2440007E00D98CD3 /* BaseViewModel.swift in Sources */ = {isa = PBXBuildFile; fileRef = 7788BFDC2440007E00D98CD3 /* BaseViewModel.swift */; };
		778B47E823CE0BE1009AE084 /* FetchShowsUseCase.swift in Sources */ = {isa = PBXBuildFile; fileRef = 778B47E723CE0BE1009AE084 /* FetchShowsUseCase.swift */; };
		778B47EC23CE0C0C009AE084 /* FetchGenresUseCase.swift in Sources */ = {isa = PBXBuildFile; fileRef = 778B47EB23CE0C0C009AE084 /* FetchGenresUseCase.swift */; };
		778B47EF23CE0C65009AE084 /* TVShowsRepository.swift in Sources */ = {isa = PBXBuildFile; fileRef = 778B47EE23CE0C65009AE084 /* TVShowsRepository.swift */; };
		778B47F323CE1778009AE084 /* DefaultTVShowsRepository.swift in Sources */ = {isa = PBXBuildFile; fileRef = 778B47F223CE1778009AE084 /* DefaultTVShowsRepository.swift */; };
		779ABBAD249DA9A40095EA3F /* AuthRepository.swift in Sources */ = {isa = PBXBuildFile; fileRef = 779ABBAC249DA9A40095EA3F /* AuthRepository.swift */; };
		779ABBAF249DAA880095EA3F /* CreateTokenResult.swift in Sources */ = {isa = PBXBuildFile; fileRef = 779ABBAE249DAA880095EA3F /* CreateTokenResult.swift */; };
		779ABBB1249DAAD90095EA3F /* CreateSessionResult.swift in Sources */ = {isa = PBXBuildFile; fileRef = 779ABBB0249DAAD90095EA3F /* CreateSessionResult.swift */; };
		779ABBB3249DADD10095EA3F /* CreateTokenUseCase.swift in Sources */ = {isa = PBXBuildFile; fileRef = 779ABBB2249DADD10095EA3F /* CreateTokenUseCase.swift */; };
		779ABBB5249DAEBC0095EA3F /* CreateTokenResult+Decodable.swift in Sources */ = {isa = PBXBuildFile; fileRef = 779ABBB4249DAEBC0095EA3F /* CreateTokenResult+Decodable.swift */; };
		779ABBB7249DAF4C0095EA3F /* CreateSessionResult+Decodable.swift in Sources */ = {isa = PBXBuildFile; fileRef = 779ABBB6249DAF4C0095EA3F /* CreateSessionResult+Decodable.swift */; };
		779ABBB9249DAF9E0095EA3F /* DefaultAuthRepository.swift in Sources */ = {isa = PBXBuildFile; fileRef = 779ABBB8249DAF9E0095EA3F /* DefaultAuthRepository.swift */; };
		77B3CCD4232D7CC100921D23 /* TVShowViewCell.swift in Sources */ = {isa = PBXBuildFile; fileRef = 77B3CCD2232D7CC100921D23 /* TVShowViewCell.swift */; };
		77B3CCD5232D7CC100921D23 /* TVShowViewCell.xib in Resources */ = {isa = PBXBuildFile; fileRef = 77B3CCD3232D7CC100921D23 /* TVShowViewCell.xib */; };
		77B8E03823D60B8400DBFD00 /* TVEpisodesRepository.swift in Sources */ = {isa = PBXBuildFile; fileRef = 77B8E03723D60B8400DBFD00 /* TVEpisodesRepository.swift */; };
		77B8E03A23D60C0500DBFD00 /* FetchEpisodesUseCase.swift in Sources */ = {isa = PBXBuildFile; fileRef = 77B8E03923D60C0500DBFD00 /* FetchEpisodesUseCase.swift */; };
		77B8E03C23D60E2C00DBFD00 /* DefaultTVEpisodesRepository.swift in Sources */ = {isa = PBXBuildFile; fileRef = 77B8E03B23D60E2C00DBFD00 /* DefaultTVEpisodesRepository.swift */; };
		77B8E03E23D6134400DBFD00 /* EpisodesListViewController.storyboard in Resources */ = {isa = PBXBuildFile; fileRef = 77B8E03D23D6134400DBFD00 /* EpisodesListViewController.storyboard */; };
		77C1AFBE23D1072E00E4A965 /* GenresRepository.swift in Sources */ = {isa = PBXBuildFile; fileRef = 77C1AFBD23D1072E00E4A965 /* GenresRepository.swift */; };
		77C1AFC023D1077D00E4A965 /* DefaultGenresRepository.swift in Sources */ = {isa = PBXBuildFile; fileRef = 77C1AFBF23D1077D00E4A965 /* DefaultGenresRepository.swift */; };
		77C1AFC423D118AC00E4A965 /* FetchTVShowDetails.swift in Sources */ = {isa = PBXBuildFile; fileRef = 77C1AFC323D118AC00E4A965 /* FetchTVShowDetails.swift */; };
		77C1AFC623D119AD00E4A965 /* TVShowDetailsRepository.swift in Sources */ = {isa = PBXBuildFile; fileRef = 77C1AFC523D119AD00E4A965 /* TVShowDetailsRepository.swift */; };
		77C1AFC823D11A0E00E4A965 /* DefaultTVShowDetailsRepository.swift in Sources */ = {isa = PBXBuildFile; fileRef = 77C1AFC723D11A0E00E4A965 /* DefaultTVShowDetailsRepository.swift */; };
		77D6BF3823CF7AF60045CAB5 /* ApiClient.swift in Sources */ = {isa = PBXBuildFile; fileRef = 77D6BF3723CF7AF60045CAB5 /* ApiClient.swift */; };
		77DB76EA231487BE00A1DE77 /* TVShowListViewController.storyboard in Resources */ = {isa = PBXBuildFile; fileRef = 77DB76E9231487BE00A1DE77 /* TVShowListViewController.storyboard */; };
		77DB76EC2314890A00A1DE77 /* TVShowListViewController.swift in Sources */ = {isa = PBXBuildFile; fileRef = 77DB76EB2314890A00A1DE77 /* TVShowListViewController.swift */; };
		77E00DBC23CFB70A00B62B15 /* NetworkConfigurable.swift in Sources */ = {isa = PBXBuildFile; fileRef = 77E00DBB23CFB70A00B62B15 /* NetworkConfigurable.swift */; };
		77E119DA232DD3C200A01ACF /* GenreViewCell.swift in Sources */ = {isa = PBXBuildFile; fileRef = 77E119D8232DD3C200A01ACF /* GenreViewCell.swift */; };
		77E119DB232DD3C200A01ACF /* GenreViewCell.xib in Resources */ = {isa = PBXBuildFile; fileRef = 77E119D9232DD3C200A01ACF /* GenreViewCell.xib */; };
		77E119E0232DE02A00A01ACF /* TVShowCellViewModel.swift in Sources */ = {isa = PBXBuildFile; fileRef = 77E119DF232DE02A00A01ACF /* TVShowCellViewModel.swift */; };
		77E119E2232DE39900A01ACF /* AiringTodayViewModel.swift in Sources */ = {isa = PBXBuildFile; fileRef = 77E119E1232DE39900A01ACF /* AiringTodayViewModel.swift */; };
		77E26213230D7C490066B1CB /* AiringTodayViewController.swift in Sources */ = {isa = PBXBuildFile; fileRef = 77E26212230D7C490066B1CB /* AiringTodayViewController.swift */; };
		77E37AAA2314270700C692DA /* TVShowDetailViewController.storyboard in Resources */ = {isa = PBXBuildFile; fileRef = 77E37AA92314270700C692DA /* TVShowDetailViewController.storyboard */; };
		77E37AAE23142CAC00C692DA /* ResultsSearchViewController.swift in Sources */ = {isa = PBXBuildFile; fileRef = 77E37AAD23142CAC00C692DA /* ResultsSearchViewController.swift */; };
		77EEF7FF233AA6C40054A499 /* SeasonEpisodeCollectionViewCell.swift in Sources */ = {isa = PBXBuildFile; fileRef = 77EEF7FD233AA6C40054A499 /* SeasonEpisodeCollectionViewCell.swift */; };
		77EEF800233AA6C40054A499 /* SeasonEpisodeCollectionViewCell.xib in Resources */ = {isa = PBXBuildFile; fileRef = 77EEF7FE233AA6C40054A499 /* SeasonEpisodeCollectionViewCell.xib */; };
		77EEF804233AA70A0054A499 /* SeasonListTableViewCell.swift in Sources */ = {isa = PBXBuildFile; fileRef = 77EEF802233AA70A0054A499 /* SeasonListTableViewCell.swift */; };
		77EEF805233AA70A0054A499 /* SeasonListTableViewCell.xib in Resources */ = {isa = PBXBuildFile; fileRef = 77EEF803233AA70A0054A499 /* SeasonListTableViewCell.xib */; };
		77EEF807233AA73A0054A499 /* SeasonListViewModel.swift in Sources */ = {isa = PBXBuildFile; fileRef = 77EEF806233AA73A0054A499 /* SeasonListViewModel.swift */; };
		77EEF809233AA8330054A499 /* SeasonEpisodeViewModel.swift in Sources */ = {isa = PBXBuildFile; fileRef = 77EEF808233AA8330054A499 /* SeasonEpisodeViewModel.swift */; };
		77F46327230C9F5A008FB9D6 /* AppDelegate.swift in Sources */ = {isa = PBXBuildFile; fileRef = 77F46326230C9F5A008FB9D6 /* AppDelegate.swift */; };
		77F4632E230C9F5C008FB9D6 /* Assets.xcassets in Resources */ = {isa = PBXBuildFile; fileRef = 77F4632D230C9F5C008FB9D6 /* Assets.xcassets */; };
		77F46331230C9F5C008FB9D6 /* LaunchScreen.storyboard in Resources */ = {isa = PBXBuildFile; fileRef = 77F4632F230C9F5C008FB9D6 /* LaunchScreen.storyboard */; };
		77F4633D230CA864008FB9D6 /* TVShow.swift in Sources */ = {isa = PBXBuildFile; fileRef = 77F4633C230CA864008FB9D6 /* TVShow.swift */; };
		77F46345230CB059008FB9D6 /* TVShowResult.swift in Sources */ = {isa = PBXBuildFile; fileRef = 77F46344230CB059008FB9D6 /* TVShowResult.swift */; };
		77F784B1242DAACF0053806C /* LoadingView.swift in Sources */ = {isa = PBXBuildFile; fileRef = 77F784B0242DAACF0053806C /* LoadingView.swift */; };
		77FFB0912339544D00D17CF0 /* EpisodesListViewController.swift in Sources */ = {isa = PBXBuildFile; fileRef = 77FFB0902339544D00D17CF0 /* EpisodesListViewController.swift */; };
		77FFB0932339556B00D17CF0 /* EpisodesListViewModel.swift in Sources */ = {isa = PBXBuildFile; fileRef = 77FFB0922339556B00D17CF0 /* EpisodesListViewModel.swift */; };
		77FFDE2D233BA54600C4096F /* SeasonHeaderView.xib in Resources */ = {isa = PBXBuildFile; fileRef = 77FFDE2C233BA54600C4096F /* SeasonHeaderView.xib */; };
		77FFDE30233BA6C500C4096F /* SeasonHeaderView.swift in Sources */ = {isa = PBXBuildFile; fileRef = 77FFDE2F233BA6C500C4096F /* SeasonHeaderView.swift */; };
		77FFDE32233BB5FE00C4096F /* SeasonHeaderViewModel.swift in Sources */ = {isa = PBXBuildFile; fileRef = 77FFDE31233BB5FE00C4096F /* SeasonHeaderViewModel.swift */; };
/* End PBXBuildFile section */

/* Begin PBXFileReference section */
		6B31C5D8C8975410C9632334 /* Pods-TVToday.release.xcconfig */ = {isa = PBXFileReference; includeInIndex = 1; lastKnownFileType = text.xcconfig; name = "Pods-TVToday.release.xcconfig"; path = "Target Support Files/Pods-TVToday/Pods-TVToday.release.xcconfig"; sourceTree = "<group>"; };
		7701B33323D0BDBD003DA227 /* TVShow+Decodable.swift */ = {isa = PBXFileReference; lastKnownFileType = sourcecode.swift; path = "TVShow+Decodable.swift"; sourceTree = "<group>"; };
		7701B33523D0C08B003DA227 /* Genre+Decodable.swift */ = {isa = PBXFileReference; lastKnownFileType = sourcecode.swift; path = "Genre+Decodable.swift"; sourceTree = "<group>"; };
		7701B33723D0C0C5003DA227 /* TVShowDetailResult+Decodable.swift */ = {isa = PBXFileReference; lastKnownFileType = sourcecode.swift; path = "TVShowDetailResult+Decodable.swift"; sourceTree = "<group>"; };
		7701B33923D0C3E3003DA227 /* Episode+Decodable.swift */ = {isa = PBXFileReference; lastKnownFileType = sourcecode.swift; path = "Episode+Decodable.swift"; sourceTree = "<group>"; };
		7701B33B23D0C44D003DA227 /* GenreListResult+Decodable.swift */ = {isa = PBXFileReference; lastKnownFileType = sourcecode.swift; path = "GenreListResult+Decodable.swift"; sourceTree = "<group>"; };
		7701B33D23D0C49D003DA227 /* SeasonResult+Decodable.swift */ = {isa = PBXFileReference; lastKnownFileType = sourcecode.swift; path = "SeasonResult+Decodable.swift"; sourceTree = "<group>"; };
		770373852345134100775698 /* AiringTodayCollectionViewCell.swift */ = {isa = PBXFileReference; lastKnownFileType = sourcecode.swift; path = AiringTodayCollectionViewCell.swift; sourceTree = "<group>"; };
		770373862345134100775698 /* AiringTodayCollectionViewCell.xib */ = {isa = PBXFileReference; lastKnownFileType = file.xib; path = AiringTodayCollectionViewCell.xib; sourceTree = "<group>"; };
		7703738A234517B000775698 /* AiringTodayCollectionViewModel.swift */ = {isa = PBXFileReference; lastKnownFileType = sourcecode.swift; path = AiringTodayCollectionViewModel.swift; sourceTree = "<group>"; };
		77054AA9233999430026B868 /* EpisodeItemViewModel.swift */ = {isa = PBXFileReference; lastKnownFileType = sourcecode.swift; path = EpisodeItemViewModel.swift; sourceTree = "<group>"; };
		770860ED23CE6C4900625183 /* TVShowResult+Decodable.swift */ = {isa = PBXFileReference; lastKnownFileType = sourcecode.swift; path = "TVShowResult+Decodable.swift"; sourceTree = "<group>"; };
		770860F323CE6EB100625183 /* AppConfigurations.swift */ = {isa = PBXFileReference; lastKnownFileType = sourcecode.swift; path = AppConfigurations.swift; sourceTree = "<group>"; };
		770860FA23CE753200625183 /* StoryboardInstantiable.swift */ = {isa = PBXFileReference; lastKnownFileType = sourcecode.swift; path = StoryboardInstantiable.swift; sourceTree = "<group>"; };
		770A117C23D2250D00B57A6F /* ResultListView.swift */ = {isa = PBXFileReference; lastKnownFileType = sourcecode.swift; path = ResultListView.swift; sourceTree = "<group>"; };
		770A4543242D8DC6005DF8AA /* SectionAiringToday.swift */ = {isa = PBXFileReference; lastKnownFileType = sourcecode.swift; path = SectionAiringToday.swift; sourceTree = "<group>"; };
		770B5C34230E06B2002019E6 /* TVShowDetailResult.swift */ = {isa = PBXFileReference; lastKnownFileType = sourcecode.swift; path = TVShowDetailResult.swift; sourceTree = "<group>"; };
		770D1034233941BF00CD84B2 /* EpisodeItemTableViewCell.swift */ = {isa = PBXFileReference; lastKnownFileType = sourcecode.swift; path = EpisodeItemTableViewCell.swift; sourceTree = "<group>"; };
		770D1035233941BF00CD84B2 /* EpisodeItemTableViewCell.xib */ = {isa = PBXFileReference; lastKnownFileType = file.xib; path = EpisodeItemTableViewCell.xib; sourceTree = "<group>"; };
		770D5B2D233584F000438937 /* SeasonResult.swift */ = {isa = PBXFileReference; lastKnownFileType = sourcecode.swift; path = SeasonResult.swift; sourceTree = "<group>"; };
		770D5B2F2335858800438937 /* Episode.swift */ = {isa = PBXFileReference; lastKnownFileType = sourcecode.swift; path = Episode.swift; sourceTree = "<group>"; };
		7716DD32242E3FEB009A0EDC /* MessageView.swift */ = {isa = PBXFileReference; lastKnownFileType = sourcecode.swift; path = MessageView.swift; sourceTree = "<group>"; };
		77193F36232FE0CB007FA822 /* ShowsViewModel.swift */ = {isa = PBXFileReference; lastKnownFileType = sourcecode.swift; path = ShowsViewModel.swift; sourceTree = "<group>"; };
		77193F3A232FE2D9007FA822 /* PopularsViewModel.swift */ = {isa = PBXFileReference; lastKnownFileType = sourcecode.swift; path = PopularsViewModel.swift; sourceTree = "<group>"; };
		77193F3C232FE57F007FA822 /* TVShowListViewModel.swift */ = {isa = PBXFileReference; lastKnownFileType = sourcecode.swift; path = TVShowListViewModel.swift; sourceTree = "<group>"; };
		77193F3E232FEB4A007FA822 /* SearchViewModel.swift */ = {isa = PBXFileReference; lastKnownFileType = sourcecode.swift; path = SearchViewModel.swift; sourceTree = "<group>"; };
		77193F41232FF168007FA822 /* ResultsSearchViewModel.swift */ = {isa = PBXFileReference; lastKnownFileType = sourcecode.swift; path = ResultsSearchViewModel.swift; sourceTree = "<group>"; };
		77193F43232FF8F5007FA822 /* TVShowDetailViewModel.swift */ = {isa = PBXFileReference; lastKnownFileType = sourcecode.swift; path = TVShowDetailViewModel.swift; sourceTree = "<group>"; };
		772244B62358B1B000AB67DA /* FooterReusableView.swift */ = {isa = PBXFileReference; lastKnownFileType = sourcecode.swift; path = FooterReusableView.swift; sourceTree = "<group>"; };
		7722CE51230D7DFA003DC4C5 /* PopularsViewController.swift */ = {isa = PBXFileReference; lastKnownFileType = sourcecode.swift; path = PopularsViewController.swift; sourceTree = "<group>"; };
		7722CE57230D90AF003DC4C5 /* Genre.swift */ = {isa = PBXFileReference; lastKnownFileType = sourcecode.swift; path = Genre.swift; sourceTree = "<group>"; };
		7722CE59230D924C003DC4C5 /* SearchViewController.swift */ = {isa = PBXFileReference; lastKnownFileType = sourcecode.swift; path = SearchViewController.swift; sourceTree = "<group>"; };
		7722CE5D230D9A36003DC4C5 /* GenreListResult.swift */ = {isa = PBXFileReference; lastKnownFileType = sourcecode.swift; path = GenreListResult.swift; sourceTree = "<group>"; };
		7722CE5F230DA1C3003DC4C5 /* TVShowDetailViewController.swift */ = {isa = PBXFileReference; lastKnownFileType = sourcecode.swift; path = TVShowDetailViewController.swift; sourceTree = "<group>"; };
		7726FE3E249D5F3F00D83C35 /* AccountViewController.storyboard */ = {isa = PBXFileReference; lastKnownFileType = file.storyboard; path = AccountViewController.storyboard; sourceTree = "<group>"; };
		7726FE40249D5F4D00D83C35 /* AccountViewController.swift */ = {isa = PBXFileReference; lastKnownFileType = sourcecode.swift; path = AccountViewController.swift; sourceTree = "<group>"; };
		7726FE42249D5F5600D83C35 /* AccountViewModel.swift */ = {isa = PBXFileReference; lastKnownFileType = sourcecode.swift; path = AccountViewModel.swift; sourceTree = "<group>"; };
		7726FE45249D67CC00D83C35 /* AccountFlow.swift */ = {isa = PBXFileReference; lastKnownFileType = sourcecode.swift; path = AccountFlow.swift; sourceTree = "<group>"; };
		7726FE47249D72CA00D83C35 /* SignInViewController.swift */ = {isa = PBXFileReference; lastKnownFileType = sourcecode.swift; path = SignInViewController.swift; sourceTree = "<group>"; };
		7726FE49249D72DA00D83C35 /* ProfileViewController.swift */ = {isa = PBXFileReference; lastKnownFileType = sourcecode.swift; path = ProfileViewController.swift; sourceTree = "<group>"; };
		7726FE4B249D743900D83C35 /* SignInViewModel.swift */ = {isa = PBXFileReference; lastKnownFileType = sourcecode.swift; path = SignInViewModel.swift; sourceTree = "<group>"; };
		7726FE4D249D793900D83C35 /* ProfileViewModel.swift */ = {isa = PBXFileReference; lastKnownFileType = sourcecode.swift; path = ProfileViewModel.swift; sourceTree = "<group>"; };
		7726FE4F249D82C500D83C35 /* UIViewController+Extensions.swift */ = {isa = PBXFileReference; lastKnownFileType = sourcecode.swift; path = "UIViewController+Extensions.swift"; sourceTree = "<group>"; };
		7726FE51249D882700D83C35 /* AuthProvider.swift */ = {isa = PBXFileReference; lastKnownFileType = sourcecode.swift; path = AuthProvider.swift; sourceTree = "<group>"; };
		7726FE53249D8CD000D83C35 /* URLRequest+Extensions.swift */ = {isa = PBXFileReference; lastKnownFileType = sourcecode.swift; path = "URLRequest+Extensions.swift"; sourceTree = "<group>"; };
		772C5103242C0B020014F96D /* UIImageView+Kingfisher.swift */ = {isa = PBXFileReference; lastKnownFileType = sourcecode.swift; path = "UIImageView+Kingfisher.swift"; sourceTree = "<group>"; };
		7733F14624323EE700B41031 /* Episode+SectionModelType.swift */ = {isa = PBXFileReference; lastKnownFileType = sourcecode.swift; path = "Episode+SectionModelType.swift"; sourceTree = "<group>"; };
		7736A08A231FF84A00566F0B /* AiringTodayViewController.storyboard */ = {isa = PBXFileReference; lastKnownFileType = file.storyboard; path = AiringTodayViewController.storyboard; sourceTree = "<group>"; };
		7736A08C231FF8BF00566F0B /* PopularsViewController.storyboard */ = {isa = PBXFileReference; lastKnownFileType = file.storyboard; path = PopularsViewController.storyboard; sourceTree = "<group>"; };
		7736A090231FFFD300566F0B /* SearchViewController.storyboard */ = {isa = PBXFileReference; fileEncoding = 4; lastKnownFileType = file.storyboard; path = SearchViewController.storyboard; sourceTree = "<group>"; };
		77443BAB249F403300703EA9 /* CreateSession.swift */ = {isa = PBXFileReference; lastKnownFileType = sourcecode.swift; path = CreateSession.swift; sourceTree = "<group>"; };
		774688BA243D0EEA00822598 /* PopularFlow.swift */ = {isa = PBXFileReference; lastKnownFileType = sourcecode.swift; path = PopularFlow.swift; sourceTree = "<group>"; };
		774688BC243D132700822598 /* SearchFlow.swift */ = {isa = PBXFileReference; lastKnownFileType = sourcecode.swift; path = SearchFlow.swift; sourceTree = "<group>"; };
		77544E662433FBBD00F02F9D /* SeasonsSectionModel.swift */ = {isa = PBXFileReference; lastKnownFileType = sourcecode.swift; path = SeasonsSectionModel.swift; sourceTree = "<group>"; };
		7755D6DD23CCCD860083CB53 /* SimpleViewState.swift */ = {isa = PBXFileReference; lastKnownFileType = sourcecode.swift; path = SimpleViewState.swift; sourceTree = "<group>"; };
		775927A02434FA1C004BB04E /* MessageImageView.swift */ = {isa = PBXFileReference; lastKnownFileType = sourcecode.swift; path = MessageImageView.swift; sourceTree = "<group>"; };
		7762A947249DB5A200E00CDD /* AuthPermissionViewController.swift */ = {isa = PBXFileReference; lastKnownFileType = sourcecode.swift; path = AuthPermissionViewController.swift; sourceTree = "<group>"; };
		7762A949249DB63B00E00CDD /* AuthPermissionViewModel.swift */ = {isa = PBXFileReference; lastKnownFileType = sourcecode.swift; path = AuthPermissionViewModel.swift; sourceTree = "<group>"; };
		7762A94B249DC78300E00CDD /* WebKit.framework */ = {isa = PBXFileReference; lastKnownFileType = wrapper.framework; name = WebKit.framework; path = System/Library/Frameworks/WebKit.framework; sourceTree = SDKROOT; };
		7777E6E7243D3CCE00058686 /* TVShowDetailFlow.swift */ = {isa = PBXFileReference; lastKnownFileType = sourcecode.swift; path = TVShowDetailFlow.swift; sourceTree = "<group>"; };
		777B1775243CD3CD002D5DCF /* AppDIContainer.swift */ = {isa = PBXFileReference; lastKnownFileType = sourcecode.swift; path = AppDIContainer.swift; sourceTree = "<group>"; };
		777B1777243CD676002D5DCF /* AppFlow.swift */ = {isa = PBXFileReference; lastKnownFileType = sourcecode.swift; path = AppFlow.swift; sourceTree = "<group>"; };
		777B1779243CD9AC002D5DCF /* SignedFlow.swift */ = {isa = PBXFileReference; lastKnownFileType = sourcecode.swift; path = SignedFlow.swift; sourceTree = "<group>"; };
		777B177D243CE1DA002D5DCF /* AiringTodayFlow.swift */ = {isa = PBXFileReference; lastKnownFileType = sourcecode.swift; path = AiringTodayFlow.swift; sourceTree = "<group>"; };
		7787CFD023553EC1007DA54E /* EndPoint.swift */ = {isa = PBXFileReference; lastKnownFileType = sourcecode.swift; path = EndPoint.swift; sourceTree = "<group>"; };
		7787CFD223553ED0007DA54E /* ApiError.swift */ = {isa = PBXFileReference; lastKnownFileType = sourcecode.swift; path = ApiError.swift; sourceTree = "<group>"; };
		7787CFD623554208007DA54E /* TVShowsProvider.swift */ = {isa = PBXFileReference; lastKnownFileType = sourcecode.swift; path = TVShowsProvider.swift; sourceTree = "<group>"; };
		7787CFD923554290007DA54E /* GenreProvider.swift */ = {isa = PBXFileReference; lastKnownFileType = sourcecode.swift; path = GenreProvider.swift; sourceTree = "<group>"; };
		7788BFDC2440007E00D98CD3 /* BaseViewModel.swift */ = {isa = PBXFileReference; lastKnownFileType = sourcecode.swift; path = BaseViewModel.swift; sourceTree = "<group>"; };
		778B47E723CE0BE1009AE084 /* FetchShowsUseCase.swift */ = {isa = PBXFileReference; lastKnownFileType = sourcecode.swift; path = FetchShowsUseCase.swift; sourceTree = "<group>"; };
		778B47EB23CE0C0C009AE084 /* FetchGenresUseCase.swift */ = {isa = PBXFileReference; lastKnownFileType = sourcecode.swift; path = FetchGenresUseCase.swift; sourceTree = "<group>"; };
		778B47EE23CE0C65009AE084 /* TVShowsRepository.swift */ = {isa = PBXFileReference; lastKnownFileType = sourcecode.swift; path = TVShowsRepository.swift; sourceTree = "<group>"; };
		778B47F223CE1778009AE084 /* DefaultTVShowsRepository.swift */ = {isa = PBXFileReference; lastKnownFileType = sourcecode.swift; path = DefaultTVShowsRepository.swift; sourceTree = "<group>"; };
		779ABBAC249DA9A40095EA3F /* AuthRepository.swift */ = {isa = PBXFileReference; lastKnownFileType = sourcecode.swift; path = AuthRepository.swift; sourceTree = "<group>"; };
		779ABBAE249DAA880095EA3F /* CreateTokenResult.swift */ = {isa = PBXFileReference; lastKnownFileType = sourcecode.swift; path = CreateTokenResult.swift; sourceTree = "<group>"; };
		779ABBB0249DAAD90095EA3F /* CreateSessionResult.swift */ = {isa = PBXFileReference; lastKnownFileType = sourcecode.swift; path = CreateSessionResult.swift; sourceTree = "<group>"; };
		779ABBB2249DADD10095EA3F /* CreateTokenUseCase.swift */ = {isa = PBXFileReference; lastKnownFileType = sourcecode.swift; path = CreateTokenUseCase.swift; sourceTree = "<group>"; };
		779ABBB4249DAEBC0095EA3F /* CreateTokenResult+Decodable.swift */ = {isa = PBXFileReference; lastKnownFileType = sourcecode.swift; path = "CreateTokenResult+Decodable.swift"; sourceTree = "<group>"; };
		779ABBB6249DAF4C0095EA3F /* CreateSessionResult+Decodable.swift */ = {isa = PBXFileReference; lastKnownFileType = sourcecode.swift; path = "CreateSessionResult+Decodable.swift"; sourceTree = "<group>"; };
		779ABBB8249DAF9E0095EA3F /* DefaultAuthRepository.swift */ = {isa = PBXFileReference; lastKnownFileType = sourcecode.swift; path = DefaultAuthRepository.swift; sourceTree = "<group>"; };
		77B3CCD2232D7CC100921D23 /* TVShowViewCell.swift */ = {isa = PBXFileReference; lastKnownFileType = sourcecode.swift; path = TVShowViewCell.swift; sourceTree = "<group>"; };
		77B3CCD3232D7CC100921D23 /* TVShowViewCell.xib */ = {isa = PBXFileReference; lastKnownFileType = file.xib; path = TVShowViewCell.xib; sourceTree = "<group>"; };
		77B8E03723D60B8400DBFD00 /* TVEpisodesRepository.swift */ = {isa = PBXFileReference; lastKnownFileType = sourcecode.swift; path = TVEpisodesRepository.swift; sourceTree = "<group>"; };
		77B8E03923D60C0500DBFD00 /* FetchEpisodesUseCase.swift */ = {isa = PBXFileReference; lastKnownFileType = sourcecode.swift; path = FetchEpisodesUseCase.swift; sourceTree = "<group>"; };
		77B8E03B23D60E2C00DBFD00 /* DefaultTVEpisodesRepository.swift */ = {isa = PBXFileReference; lastKnownFileType = sourcecode.swift; path = DefaultTVEpisodesRepository.swift; sourceTree = "<group>"; };
		77B8E03D23D6134400DBFD00 /* EpisodesListViewController.storyboard */ = {isa = PBXFileReference; lastKnownFileType = file.storyboard; path = EpisodesListViewController.storyboard; sourceTree = "<group>"; };
		77C1AFBD23D1072E00E4A965 /* GenresRepository.swift */ = {isa = PBXFileReference; lastKnownFileType = sourcecode.swift; path = GenresRepository.swift; sourceTree = "<group>"; };
		77C1AFBF23D1077D00E4A965 /* DefaultGenresRepository.swift */ = {isa = PBXFileReference; lastKnownFileType = sourcecode.swift; path = DefaultGenresRepository.swift; sourceTree = "<group>"; };
		77C1AFC323D118AC00E4A965 /* FetchTVShowDetails.swift */ = {isa = PBXFileReference; lastKnownFileType = sourcecode.swift; path = FetchTVShowDetails.swift; sourceTree = "<group>"; };
		77C1AFC523D119AD00E4A965 /* TVShowDetailsRepository.swift */ = {isa = PBXFileReference; lastKnownFileType = sourcecode.swift; path = TVShowDetailsRepository.swift; sourceTree = "<group>"; };
		77C1AFC723D11A0E00E4A965 /* DefaultTVShowDetailsRepository.swift */ = {isa = PBXFileReference; lastKnownFileType = sourcecode.swift; path = DefaultTVShowDetailsRepository.swift; sourceTree = "<group>"; };
		77D6BF3723CF7AF60045CAB5 /* ApiClient.swift */ = {isa = PBXFileReference; lastKnownFileType = sourcecode.swift; path = ApiClient.swift; sourceTree = "<group>"; };
		77DB76E9231487BE00A1DE77 /* TVShowListViewController.storyboard */ = {isa = PBXFileReference; lastKnownFileType = file.storyboard; path = TVShowListViewController.storyboard; sourceTree = "<group>"; };
		77DB76EB2314890A00A1DE77 /* TVShowListViewController.swift */ = {isa = PBXFileReference; lastKnownFileType = sourcecode.swift; path = TVShowListViewController.swift; sourceTree = "<group>"; };
		77E00DBB23CFB70A00B62B15 /* NetworkConfigurable.swift */ = {isa = PBXFileReference; lastKnownFileType = sourcecode.swift; path = NetworkConfigurable.swift; sourceTree = "<group>"; };
		77E119D8232DD3C200A01ACF /* GenreViewCell.swift */ = {isa = PBXFileReference; lastKnownFileType = sourcecode.swift; path = GenreViewCell.swift; sourceTree = "<group>"; };
		77E119D9232DD3C200A01ACF /* GenreViewCell.xib */ = {isa = PBXFileReference; lastKnownFileType = file.xib; path = GenreViewCell.xib; sourceTree = "<group>"; };
		77E119DF232DE02A00A01ACF /* TVShowCellViewModel.swift */ = {isa = PBXFileReference; lastKnownFileType = sourcecode.swift; path = TVShowCellViewModel.swift; sourceTree = "<group>"; };
		77E119E1232DE39900A01ACF /* AiringTodayViewModel.swift */ = {isa = PBXFileReference; lastKnownFileType = sourcecode.swift; path = AiringTodayViewModel.swift; sourceTree = "<group>"; };
		77E26212230D7C490066B1CB /* AiringTodayViewController.swift */ = {isa = PBXFileReference; lastKnownFileType = sourcecode.swift; path = AiringTodayViewController.swift; sourceTree = "<group>"; };
		77E37AA92314270700C692DA /* TVShowDetailViewController.storyboard */ = {isa = PBXFileReference; lastKnownFileType = file.storyboard; path = TVShowDetailViewController.storyboard; sourceTree = "<group>"; };
		77E37AAD23142CAC00C692DA /* ResultsSearchViewController.swift */ = {isa = PBXFileReference; lastKnownFileType = sourcecode.swift; path = ResultsSearchViewController.swift; sourceTree = "<group>"; };
		77EEF7FD233AA6C40054A499 /* SeasonEpisodeCollectionViewCell.swift */ = {isa = PBXFileReference; lastKnownFileType = sourcecode.swift; path = SeasonEpisodeCollectionViewCell.swift; sourceTree = "<group>"; };
		77EEF7FE233AA6C40054A499 /* SeasonEpisodeCollectionViewCell.xib */ = {isa = PBXFileReference; lastKnownFileType = file.xib; path = SeasonEpisodeCollectionViewCell.xib; sourceTree = "<group>"; };
		77EEF802233AA70A0054A499 /* SeasonListTableViewCell.swift */ = {isa = PBXFileReference; lastKnownFileType = sourcecode.swift; path = SeasonListTableViewCell.swift; sourceTree = "<group>"; };
		77EEF803233AA70A0054A499 /* SeasonListTableViewCell.xib */ = {isa = PBXFileReference; lastKnownFileType = file.xib; path = SeasonListTableViewCell.xib; sourceTree = "<group>"; };
		77EEF806233AA73A0054A499 /* SeasonListViewModel.swift */ = {isa = PBXFileReference; lastKnownFileType = sourcecode.swift; path = SeasonListViewModel.swift; sourceTree = "<group>"; };
		77EEF808233AA8330054A499 /* SeasonEpisodeViewModel.swift */ = {isa = PBXFileReference; lastKnownFileType = sourcecode.swift; path = SeasonEpisodeViewModel.swift; sourceTree = "<group>"; };
		77F46323230C9F5A008FB9D6 /* TVToday.app */ = {isa = PBXFileReference; explicitFileType = wrapper.application; includeInIndex = 0; path = TVToday.app; sourceTree = BUILT_PRODUCTS_DIR; };
		77F46326230C9F5A008FB9D6 /* AppDelegate.swift */ = {isa = PBXFileReference; lastKnownFileType = sourcecode.swift; path = AppDelegate.swift; sourceTree = "<group>"; };
		77F4632D230C9F5C008FB9D6 /* Assets.xcassets */ = {isa = PBXFileReference; lastKnownFileType = folder.assetcatalog; path = Assets.xcassets; sourceTree = "<group>"; };
		77F46330230C9F5C008FB9D6 /* Base */ = {isa = PBXFileReference; lastKnownFileType = file.storyboard; name = Base; path = Base.lproj/LaunchScreen.storyboard; sourceTree = "<group>"; };
		77F46332230C9F5C008FB9D6 /* Info.plist */ = {isa = PBXFileReference; lastKnownFileType = text.plist.xml; path = Info.plist; sourceTree = "<group>"; };
		77F4633C230CA864008FB9D6 /* TVShow.swift */ = {isa = PBXFileReference; lastKnownFileType = sourcecode.swift; path = TVShow.swift; sourceTree = "<group>"; };
		77F46344230CB059008FB9D6 /* TVShowResult.swift */ = {isa = PBXFileReference; lastKnownFileType = sourcecode.swift; path = TVShowResult.swift; sourceTree = "<group>"; };
		77F784B0242DAACF0053806C /* LoadingView.swift */ = {isa = PBXFileReference; lastKnownFileType = sourcecode.swift; path = LoadingView.swift; sourceTree = "<group>"; };
		77FFB0902339544D00D17CF0 /* EpisodesListViewController.swift */ = {isa = PBXFileReference; lastKnownFileType = sourcecode.swift; path = EpisodesListViewController.swift; sourceTree = "<group>"; };
		77FFB0922339556B00D17CF0 /* EpisodesListViewModel.swift */ = {isa = PBXFileReference; lastKnownFileType = sourcecode.swift; path = EpisodesListViewModel.swift; sourceTree = "<group>"; };
		77FFDE2C233BA54600C4096F /* SeasonHeaderView.xib */ = {isa = PBXFileReference; lastKnownFileType = file.xib; path = SeasonHeaderView.xib; sourceTree = "<group>"; };
		77FFDE2F233BA6C500C4096F /* SeasonHeaderView.swift */ = {isa = PBXFileReference; lastKnownFileType = sourcecode.swift; path = SeasonHeaderView.swift; sourceTree = "<group>"; };
		77FFDE31233BB5FE00C4096F /* SeasonHeaderViewModel.swift */ = {isa = PBXFileReference; lastKnownFileType = sourcecode.swift; path = SeasonHeaderViewModel.swift; sourceTree = "<group>"; };
		B95ED2A422A05D8E2A1DCD58 /* Pods-TVToday.debug.xcconfig */ = {isa = PBXFileReference; includeInIndex = 1; lastKnownFileType = text.xcconfig; name = "Pods-TVToday.debug.xcconfig"; path = "Target Support Files/Pods-TVToday/Pods-TVToday.debug.xcconfig"; sourceTree = "<group>"; };
		DE94CDC6BAA4992FDBBFA2F8 /* Pods_TVToday.framework */ = {isa = PBXFileReference; explicitFileType = wrapper.framework; includeInIndex = 0; path = Pods_TVToday.framework; sourceTree = BUILT_PRODUCTS_DIR; };
/* End PBXFileReference section */

/* Begin PBXFrameworksBuildPhase section */
		77F46320230C9F5A008FB9D6 /* Frameworks */ = {
			isa = PBXFrameworksBuildPhase;
			buildActionMask = 2147483647;
			files = (
				7762A94C249DC78300E00CDD /* WebKit.framework in Frameworks */,
				0B58BC9FA5F959E417DFC783 /* Pods_TVToday.framework in Frameworks */,
			);
			runOnlyForDeploymentPostprocessing = 0;
		};
/* End PBXFrameworksBuildPhase section */

/* Begin PBXGroup section */
		648B86FDAE2FF3F0A0713B4C /* Frameworks */ = {
			isa = PBXGroup;
			children = (
				7762A94B249DC78300E00CDD /* WebKit.framework */,
				DE94CDC6BAA4992FDBBFA2F8 /* Pods_TVToday.framework */,
			);
			name = Frameworks;
			sourceTree = "<group>";
		};
		770373892345134700775698 /* View */ = {
			isa = PBXGroup;
			children = (
				77E26212230D7C490066B1CB /* AiringTodayViewController.swift */,
				7736A08A231FF84A00566F0B /* AiringTodayViewController.storyboard */,
				770A4543242D8DC6005DF8AA /* SectionAiringToday.swift */,
				77FAAEAA23D73B3A00AFAB10 /* Cells */,
				77FAAEAB23D73EAE00AFAB10 /* Customs */,
			);
			path = View;
			sourceTree = "<group>";
		};
		770860E823CE6A7000625183 /* Network */ = {
			isa = PBXGroup;
			children = (
				77D6BF3723CF7AF60045CAB5 /* ApiClient.swift */,
				7787CFD023553EC1007DA54E /* EndPoint.swift */,
				7787CFD223553ED0007DA54E /* ApiError.swift */,
				77E00DBB23CFB70A00B62B15 /* NetworkConfigurable.swift */,
			);
			path = Network;
			sourceTree = "<group>";
		};
		770860EF23CE6C4F00625183 /* DataMapping */ = {
			isa = PBXGroup;
			children = (
				7701B33323D0BDBD003DA227 /* TVShow+Decodable.swift */,
				770860ED23CE6C4900625183 /* TVShowResult+Decodable.swift */,
				7701B33523D0C08B003DA227 /* Genre+Decodable.swift */,
				7701B33723D0C0C5003DA227 /* TVShowDetailResult+Decodable.swift */,
				7701B33923D0C3E3003DA227 /* Episode+Decodable.swift */,
				7701B33B23D0C44D003DA227 /* GenreListResult+Decodable.swift */,
				7701B33D23D0C49D003DA227 /* SeasonResult+Decodable.swift */,
				779ABBB4249DAEBC0095EA3F /* CreateTokenResult+Decodable.swift */,
				779ABBB6249DAF4C0095EA3F /* CreateSessionResult+Decodable.swift */,
			);
			path = DataMapping;
			sourceTree = "<group>";
		};
		770860F023CE6C5800625183 /* Network */ = {
			isa = PBXGroup;
			children = (
				7787CFD823554210007DA54E /* Providers */,
				770860EF23CE6C4F00625183 /* DataMapping */,
			);
			path = Network;
			sourceTree = "<group>";
		};
		770860F123CE6E8800625183 /* Resources */ = {
			isa = PBXGroup;
			children = (
				77F4632F230C9F5C008FB9D6 /* LaunchScreen.storyboard */,
				77F4632D230C9F5C008FB9D6 /* Assets.xcassets */,
				77F46332230C9F5C008FB9D6 /* Info.plist */,
			);
			path = Resources;
			sourceTree = "<group>";
		};
		770860F223CE6E8E00625183 /* Application */ = {
			isa = PBXGroup;
			children = (
				77F46326230C9F5A008FB9D6 /* AppDelegate.swift */,
				770860F323CE6EB100625183 /* AppConfigurations.swift */,
				770860F723CE6F5700625183 /* DIContainer */,
			);
			path = Application;
			sourceTree = "<group>";
		};
		770860F723CE6F5700625183 /* DIContainer */ = {
			isa = PBXGroup;
			children = (
				777B1775243CD3CD002D5DCF /* AppDIContainer.swift */,
				777B1777243CD676002D5DCF /* AppFlow.swift */,
				777B1779243CD9AC002D5DCF /* SignedFlow.swift */,
				777B177D243CE1DA002D5DCF /* AiringTodayFlow.swift */,
				774688BA243D0EEA00822598 /* PopularFlow.swift */,
				774688BC243D132700822598 /* SearchFlow.swift */,
				7777E6E7243D3CCE00058686 /* TVShowDetailFlow.swift */,
				7726FE45249D67CC00D83C35 /* AccountFlow.swift */,
			);
			path = DIContainer;
			sourceTree = "<group>";
		};
		770860FC23CE753500625183 /* Protocols */ = {
			isa = PBXGroup;
			children = (
				770860FA23CE753200625183 /* StoryboardInstantiable.swift */,
				7755D6DD23CCCD860083CB53 /* SimpleViewState.swift */,
				7788BFDC2440007E00D98CD3 /* BaseViewModel.swift */,
			);
			path = Protocols;
			sourceTree = "<group>";
		};
		770860FD23CE753D00625183 /* Utils */ = {
			isa = PBXGroup;
			children = (
				770860FC23CE753500625183 /* Protocols */,
				772C5105242C0B060014F96D /* Extensions */,
			);
			path = Utils;
			sourceTree = "<group>";
		};
		770860FE23CE754500625183 /* Presentation */ = {
			isa = PBXGroup;
			children = (
				77193F36232FE0CB007FA822 /* ShowsViewModel.swift */,
				77193F38232FE162007FA822 /* AiringTodayScene */,
				77193F39232FE2A3007FA822 /* PopularScene */,
				77E119DE232DDAA300A01ACF /* SearchScene */,
				7726FE44249D5F5D00D83C35 /* Account */,
				77E37AAC2314276F00C692DA /* TVShowDetailScene */,
				77DB76ED2314890E00A1DE77 /* TVShowListsScene */,
				770D102D2339406500CD84B2 /* SeasonsScene */,
				77FAAEAD23D73FCA00AFAB10 /* Common */,
				770860FD23CE753D00625183 /* Utils */,
			);
			path = Presentation;
			sourceTree = "<group>";
		};
		770D102D2339406500CD84B2 /* SeasonsScene */ = {
			isa = PBXGroup;
			children = (
				77FAAEB623D741A100AFAB10 /* ViewModel */,
				77FAAEB523D7418700AFAB10 /* View */,
				77A1836024352812008DA8CE /* SectionModel */,
			);
			path = SeasonsScene;
			sourceTree = "<group>";
		};
		770D1030233940B200CD84B2 /* Cells */ = {
			isa = PBXGroup;
			children = (
				770D1038233941C200CD84B2 /* EpisodesList */,
				77EEF801233AA6C90054A499 /* SeasonEpisodeList */,
			);
			path = Cells;
			sourceTree = "<group>";
		};
		770D1038233941C200CD84B2 /* EpisodesList */ = {
			isa = PBXGroup;
			children = (
				770D1034233941BF00CD84B2 /* EpisodeItemTableViewCell.swift */,
				770D1035233941BF00CD84B2 /* EpisodeItemTableViewCell.xib */,
			);
			path = EpisodesList;
			sourceTree = "<group>";
		};
		77193F38232FE162007FA822 /* AiringTodayScene */ = {
			isa = PBXGroup;
			children = (
				77FAAEAC23D73F4700AFAB10 /* ViewModel */,
				770373892345134700775698 /* View */,
			);
			path = AiringTodayScene;
			sourceTree = "<group>";
		};
		77193F39232FE2A3007FA822 /* PopularScene */ = {
			isa = PBXGroup;
			children = (
				77FAAEAF23D73FFC00AFAB10 /* ViewModel */,
				77FAAEAE23D73FF700AFAB10 /* View */,
			);
			path = PopularScene;
			sourceTree = "<group>";
		};
		77193F40232FEFDF007FA822 /* SearchResults */ = {
			isa = PBXGroup;
			children = (
				77E37AAD23142CAC00C692DA /* ResultsSearchViewController.swift */,
				770A117C23D2250D00B57A6F /* ResultListView.swift */,
			);
			path = SearchResults;
			sourceTree = "<group>";
		};
		7726FE44249D5F5D00D83C35 /* Account */ = {
			isa = PBXGroup;
			children = (
				7726FE3E249D5F3F00D83C35 /* AccountViewController.storyboard */,
				7726FE40249D5F4D00D83C35 /* AccountViewController.swift */,
				7726FE42249D5F5600D83C35 /* AccountViewModel.swift */,
				7726FE47249D72CA00D83C35 /* SignInViewController.swift */,
				7726FE4B249D743900D83C35 /* SignInViewModel.swift */,
				7726FE49249D72DA00D83C35 /* ProfileViewController.swift */,
				7726FE4D249D793900D83C35 /* ProfileViewModel.swift */,
				7762A947249DB5A200E00CDD /* AuthPermissionViewController.swift */,
				7762A949249DB63B00E00CDD /* AuthPermissionViewModel.swift */,
			);
			path = Account;
			sourceTree = "<group>";
		};
		772C5105242C0B060014F96D /* Extensions */ = {
			isa = PBXGroup;
			children = (
				772C5103242C0B020014F96D /* UIImageView+Kingfisher.swift */,
				7726FE4F249D82C500D83C35 /* UIViewController+Extensions.swift */,
			);
			path = Extensions;
			sourceTree = "<group>";
		};
		7787CFD823554210007DA54E /* Providers */ = {
			isa = PBXGroup;
			children = (
				7787CFD623554208007DA54E /* TVShowsProvider.swift */,
				7787CFD923554290007DA54E /* GenreProvider.swift */,
				7726FE51249D882700D83C35 /* AuthProvider.swift */,
			);
			path = Providers;
			sourceTree = "<group>";
		};
		778B47E623CE0B08009AE084 /* Domain */ = {
			isa = PBXGroup;
			children = (
				77F4633E230CA86D008FB9D6 /* Entities */,
				778B47ED23CE0C1E009AE084 /* UseCases */,
				778B47F123CE0C97009AE084 /* Interfaces */,
			);
			path = Domain;
			sourceTree = "<group>";
		};
		778B47ED23CE0C1E009AE084 /* UseCases */ = {
			isa = PBXGroup;
			children = (
				778B47E723CE0BE1009AE084 /* FetchShowsUseCase.swift */,
				778B47EB23CE0C0C009AE084 /* FetchGenresUseCase.swift */,
				77C1AFC323D118AC00E4A965 /* FetchTVShowDetails.swift */,
				77B8E03923D60C0500DBFD00 /* FetchEpisodesUseCase.swift */,
				779ABBB2249DADD10095EA3F /* CreateTokenUseCase.swift */,
				77443BAB249F403300703EA9 /* CreateSession.swift */,
			);
			path = UseCases;
			sourceTree = "<group>";
		};
		778B47F023CE0C8F009AE084 /* Repositories */ = {
			isa = PBXGroup;
			children = (
				778B47EE23CE0C65009AE084 /* TVShowsRepository.swift */,
				77C1AFBD23D1072E00E4A965 /* GenresRepository.swift */,
				77C1AFC523D119AD00E4A965 /* TVShowDetailsRepository.swift */,
				77B8E03723D60B8400DBFD00 /* TVEpisodesRepository.swift */,
				779ABBAC249DA9A40095EA3F /* AuthRepository.swift */,
			);
			path = Repositories;
			sourceTree = "<group>";
		};
		778B47F123CE0C97009AE084 /* Interfaces */ = {
			isa = PBXGroup;
			children = (
				778B47F023CE0C8F009AE084 /* Repositories */,
			);
			path = Interfaces;
			sourceTree = "<group>";
		};
		778B47F423CE1790009AE084 /* Repositories */ = {
			isa = PBXGroup;
			children = (
				778B47F223CE1778009AE084 /* DefaultTVShowsRepository.swift */,
				77C1AFBF23D1077D00E4A965 /* DefaultGenresRepository.swift */,
				77C1AFC723D11A0E00E4A965 /* DefaultTVShowDetailsRepository.swift */,
				77B8E03B23D60E2C00DBFD00 /* DefaultTVEpisodesRepository.swift */,
				779ABBB8249DAF9E0095EA3F /* DefaultAuthRepository.swift */,
			);
			path = Repositories;
			sourceTree = "<group>";
		};
		778B47F523CE179A009AE084 /* Data */ = {
			isa = PBXGroup;
			children = (
				778B47F423CE1790009AE084 /* Repositories */,
				770860F023CE6C5800625183 /* Network */,
			);
			path = Data;
			sourceTree = "<group>";
		};
		77A1836024352812008DA8CE /* SectionModel */ = {
			isa = PBXGroup;
			children = (
				77544E662433FBBD00F02F9D /* SeasonsSectionModel.swift */,
				7733F14624323EE700B41031 /* Episode+SectionModelType.swift */,
			);
			path = SectionModel;
			sourceTree = "<group>";
		};
		77C8165E232BFB1200752B06 /* Infraestructure */ = {
			isa = PBXGroup;
			children = (
				770860E823CE6A7000625183 /* Network */,
				7726FE53249D8CD000D83C35 /* URLRequest+Extensions.swift */,
			);
			path = Infraestructure;
			sourceTree = "<group>";
		};
		77DB76ED2314890E00A1DE77 /* TVShowListsScene */ = {
			isa = PBXGroup;
			children = (
				77FAAEB423D7403100AFAB10 /* ViewModel */,
				77FAAEB323D7402C00AFAB10 /* View */,
			);
			path = TVShowListsScene;
			sourceTree = "<group>";
		};
		77E119DC232DD41D00A01ACF /* Cells */ = {
			isa = PBXGroup;
			children = (
				77E119D8232DD3C200A01ACF /* GenreViewCell.swift */,
				77E119D9232DD3C200A01ACF /* GenreViewCell.xib */,
			);
			path = Cells;
			sourceTree = "<group>";
		};
		77E119DD232DD42800A01ACF /* Cells */ = {
			isa = PBXGroup;
			children = (
				77E119DF232DE02A00A01ACF /* TVShowCellViewModel.swift */,
				77B3CCD2232D7CC100921D23 /* TVShowViewCell.swift */,
				77B3CCD3232D7CC100921D23 /* TVShowViewCell.xib */,
			);
			path = Cells;
			sourceTree = "<group>";
		};
		77E119DE232DDAA300A01ACF /* SearchScene */ = {
			isa = PBXGroup;
			children = (
				77FAAEB723D744A000AFAB10 /* ViewModel */,
				77FAAEB823D744A900AFAB10 /* View */,
			);
			path = SearchScene;
			sourceTree = "<group>";
		};
		77E37AAC2314276F00C692DA /* TVShowDetailScene */ = {
			isa = PBXGroup;
			children = (
				77FAAEB223D7402000AFAB10 /* ViewModel */,
				77FAAEB123D7401A00AFAB10 /* View */,
			);
			path = TVShowDetailScene;
			sourceTree = "<group>";
		};
		77EEF801233AA6C90054A499 /* SeasonEpisodeList */ = {
			isa = PBXGroup;
			children = (
				77EEF802233AA70A0054A499 /* SeasonListTableViewCell.swift */,
				77EEF803233AA70A0054A499 /* SeasonListTableViewCell.xib */,
				77EEF7FD233AA6C40054A499 /* SeasonEpisodeCollectionViewCell.swift */,
				77EEF7FE233AA6C40054A499 /* SeasonEpisodeCollectionViewCell.xib */,
			);
			path = SeasonEpisodeList;
			sourceTree = "<group>";
		};
		77F4631A230C9F5A008FB9D6 = {
			isa = PBXGroup;
			children = (
				77F46325230C9F5A008FB9D6 /* MyMovies */,
				77F46324230C9F5A008FB9D6 /* Products */,
				80E5B0D51B32A6D5D94AD7AD /* Pods */,
				648B86FDAE2FF3F0A0713B4C /* Frameworks */,
			);
			sourceTree = "<group>";
		};
		77F46324230C9F5A008FB9D6 /* Products */ = {
			isa = PBXGroup;
			children = (
				77F46323230C9F5A008FB9D6 /* TVToday.app */,
			);
			name = Products;
			sourceTree = "<group>";
		};
		77F46325230C9F5A008FB9D6 /* MyMovies */ = {
			isa = PBXGroup;
			children = (
				770860F223CE6E8E00625183 /* Application */,
				778B47E623CE0B08009AE084 /* Domain */,
				770860FE23CE754500625183 /* Presentation */,
				778B47F523CE179A009AE084 /* Data */,
				77C8165E232BFB1200752B06 /* Infraestructure */,
				77FAAEA923D73A9500AFAB10 /* Common */,
				770860F123CE6E8800625183 /* Resources */,
			);
			path = MyMovies;
			sourceTree = "<group>";
		};
		77F4633E230CA86D008FB9D6 /* Entities */ = {
			isa = PBXGroup;
			children = (
				77F4633C230CA864008FB9D6 /* TVShow.swift */,
				77F46344230CB059008FB9D6 /* TVShowResult.swift */,
				7722CE57230D90AF003DC4C5 /* Genre.swift */,
				770B5C34230E06B2002019E6 /* TVShowDetailResult.swift */,
				770D5B2F2335858800438937 /* Episode.swift */,
				7722CE5D230D9A36003DC4C5 /* GenreListResult.swift */,
				770D5B2D233584F000438937 /* SeasonResult.swift */,
				779ABBAE249DAA880095EA3F /* CreateTokenResult.swift */,
				779ABBB0249DAAD90095EA3F /* CreateSessionResult.swift */,
			);
			path = Entities;
			sourceTree = "<group>";
		};
		77FAAEA923D73A9500AFAB10 /* Common */ = {
			isa = PBXGroup;
			children = (
			);
			path = Common;
			sourceTree = "<group>";
		};
		77FAAEAA23D73B3A00AFAB10 /* Cells */ = {
			isa = PBXGroup;
			children = (
				770373852345134100775698 /* AiringTodayCollectionViewCell.swift */,
				770373862345134100775698 /* AiringTodayCollectionViewCell.xib */,
			);
			path = Cells;
			sourceTree = "<group>";
		};
		77FAAEAB23D73EAE00AFAB10 /* Customs */ = {
			isa = PBXGroup;
			children = (
				772244B62358B1B000AB67DA /* FooterReusableView.swift */,
			);
			path = Customs;
			sourceTree = "<group>";
		};
		77FAAEAC23D73F4700AFAB10 /* ViewModel */ = {
			isa = PBXGroup;
			children = (
				77E119E1232DE39900A01ACF /* AiringTodayViewModel.swift */,
				7703738A234517B000775698 /* AiringTodayCollectionViewModel.swift */,
			);
			path = ViewModel;
			sourceTree = "<group>";
		};
		77FAAEAD23D73FCA00AFAB10 /* Common */ = {
			isa = PBXGroup;
			children = (
				77E119DD232DD42800A01ACF /* Cells */,
				77F784B0242DAACF0053806C /* LoadingView.swift */,
				7716DD32242E3FEB009A0EDC /* MessageView.swift */,
				775927A02434FA1C004BB04E /* MessageImageView.swift */,
			);
			path = Common;
			sourceTree = "<group>";
		};
		77FAAEAE23D73FF700AFAB10 /* View */ = {
			isa = PBXGroup;
			children = (
				7722CE51230D7DFA003DC4C5 /* PopularsViewController.swift */,
				7736A08C231FF8BF00566F0B /* PopularsViewController.storyboard */,
			);
			path = View;
			sourceTree = "<group>";
		};
		77FAAEAF23D73FFC00AFAB10 /* ViewModel */ = {
			isa = PBXGroup;
			children = (
				77193F3A232FE2D9007FA822 /* PopularsViewModel.swift */,
			);
			path = ViewModel;
			sourceTree = "<group>";
		};
		77FAAEB123D7401A00AFAB10 /* View */ = {
			isa = PBXGroup;
			children = (
				7722CE5F230DA1C3003DC4C5 /* TVShowDetailViewController.swift */,
				77E37AA92314270700C692DA /* TVShowDetailViewController.storyboard */,
			);
			path = View;
			sourceTree = "<group>";
		};
		77FAAEB223D7402000AFAB10 /* ViewModel */ = {
			isa = PBXGroup;
			children = (
				77193F43232FF8F5007FA822 /* TVShowDetailViewModel.swift */,
			);
			path = ViewModel;
			sourceTree = "<group>";
		};
		77FAAEB323D7402C00AFAB10 /* View */ = {
			isa = PBXGroup;
			children = (
				77DB76EB2314890A00A1DE77 /* TVShowListViewController.swift */,
				77DB76E9231487BE00A1DE77 /* TVShowListViewController.storyboard */,
			);
			path = View;
			sourceTree = "<group>";
		};
		77FAAEB423D7403100AFAB10 /* ViewModel */ = {
			isa = PBXGroup;
			children = (
				77193F3C232FE57F007FA822 /* TVShowListViewModel.swift */,
			);
			path = ViewModel;
			sourceTree = "<group>";
		};
		77FAAEB523D7418700AFAB10 /* View */ = {
			isa = PBXGroup;
			children = (
				77FFB0902339544D00D17CF0 /* EpisodesListViewController.swift */,
				77B8E03D23D6134400DBFD00 /* EpisodesListViewController.storyboard */,
				770D1030233940B200CD84B2 /* Cells */,
				77FFDE2E233BA54B00C4096F /* HeaderView */,
			);
			path = View;
			sourceTree = "<group>";
		};
		77FAAEB623D741A100AFAB10 /* ViewModel */ = {
			isa = PBXGroup;
			children = (
				77FFB0922339556B00D17CF0 /* EpisodesListViewModel.swift */,
				77054AA9233999430026B868 /* EpisodeItemViewModel.swift */,
				77EEF806233AA73A0054A499 /* SeasonListViewModel.swift */,
				77EEF808233AA8330054A499 /* SeasonEpisodeViewModel.swift */,
				77FFDE31233BB5FE00C4096F /* SeasonHeaderViewModel.swift */,
			);
			path = ViewModel;
			sourceTree = "<group>";
		};
		77FAAEB723D744A000AFAB10 /* ViewModel */ = {
			isa = PBXGroup;
			children = (
				77193F3E232FEB4A007FA822 /* SearchViewModel.swift */,
				77193F41232FF168007FA822 /* ResultsSearchViewModel.swift */,
			);
			path = ViewModel;
			sourceTree = "<group>";
		};
		77FAAEB823D744A900AFAB10 /* View */ = {
			isa = PBXGroup;
			children = (
				7722CE59230D924C003DC4C5 /* SearchViewController.swift */,
				7736A090231FFFD300566F0B /* SearchViewController.storyboard */,
				77193F40232FEFDF007FA822 /* SearchResults */,
				77E119DC232DD41D00A01ACF /* Cells */,
			);
			path = View;
			sourceTree = "<group>";
		};
		77FFDE2E233BA54B00C4096F /* HeaderView */ = {
			isa = PBXGroup;
			children = (
				77FFDE2F233BA6C500C4096F /* SeasonHeaderView.swift */,
				77FFDE2C233BA54600C4096F /* SeasonHeaderView.xib */,
			);
			path = HeaderView;
			sourceTree = "<group>";
		};
		80E5B0D51B32A6D5D94AD7AD /* Pods */ = {
			isa = PBXGroup;
			children = (
				B95ED2A422A05D8E2A1DCD58 /* Pods-TVToday.debug.xcconfig */,
				6B31C5D8C8975410C9632334 /* Pods-TVToday.release.xcconfig */,
			);
			path = Pods;
			sourceTree = "<group>";
		};
/* End PBXGroup section */

/* Begin PBXNativeTarget section */
		77F46322230C9F5A008FB9D6 /* TVToday */ = {
			isa = PBXNativeTarget;
			buildConfigurationList = 77F46335230C9F5C008FB9D6 /* Build configuration list for PBXNativeTarget "TVToday" */;
			buildPhases = (
				FA7E97A9206573CF12A57BDB /* [CP] Check Pods Manifest.lock */,
				77CE74FD24441ED0004788C8 /* ShellScript */,
				77F4631F230C9F5A008FB9D6 /* Sources */,
				77F46320230C9F5A008FB9D6 /* Frameworks */,
				77F46321230C9F5A008FB9D6 /* Resources */,
				5104FCB0F649D9AD5ECB2DEB /* [CP] Embed Pods Frameworks */,
			);
			buildRules = (
			);
			dependencies = (
			);
			name = TVToday;
			productName = MyMovies;
			productReference = 77F46323230C9F5A008FB9D6 /* TVToday.app */;
			productType = "com.apple.product-type.application";
		};
/* End PBXNativeTarget section */

/* Begin PBXProject section */
		77F4631B230C9F5A008FB9D6 /* Project object */ = {
			isa = PBXProject;
			attributes = {
				LastSwiftUpdateCheck = 1020;
				LastUpgradeCheck = 1020;
				ORGANIZATIONNAME = Jeans;
				TargetAttributes = {
					77F46322230C9F5A008FB9D6 = {
						CreatedOnToolsVersion = 10.2.1;
					};
				};
			};
			buildConfigurationList = 77F4631E230C9F5A008FB9D6 /* Build configuration list for PBXProject "TVToday" */;
			compatibilityVersion = "Xcode 9.3";
			developmentRegion = en;
			hasScannedForEncodings = 0;
			knownRegions = (
				en,
				Base,
			);
			mainGroup = 77F4631A230C9F5A008FB9D6;
			productRefGroup = 77F46324230C9F5A008FB9D6 /* Products */;
			projectDirPath = "";
			projectRoot = "";
			targets = (
				77F46322230C9F5A008FB9D6 /* TVToday */,
			);
		};
/* End PBXProject section */

/* Begin PBXResourcesBuildPhase section */
		77F46321230C9F5A008FB9D6 /* Resources */ = {
			isa = PBXResourcesBuildPhase;
			buildActionMask = 2147483647;
			files = (
				770D1037233941BF00CD84B2 /* EpisodeItemTableViewCell.xib in Resources */,
				77E119DB232DD3C200A01ACF /* GenreViewCell.xib in Resources */,
				77EEF805233AA70A0054A499 /* SeasonListTableViewCell.xib in Resources */,
				77E37AAA2314270700C692DA /* TVShowDetailViewController.storyboard in Resources */,
				77F46331230C9F5C008FB9D6 /* LaunchScreen.storyboard in Resources */,
				77B3CCD5232D7CC100921D23 /* TVShowViewCell.xib in Resources */,
				7726FE3F249D5F3F00D83C35 /* AccountViewController.storyboard in Resources */,
				77FFDE2D233BA54600C4096F /* SeasonHeaderView.xib in Resources */,
				7736A08B231FF84A00566F0B /* AiringTodayViewController.storyboard in Resources */,
				7736A08D231FF8BF00566F0B /* PopularsViewController.storyboard in Resources */,
				77B8E03E23D6134400DBFD00 /* EpisodesListViewController.storyboard in Resources */,
				77DB76EA231487BE00A1DE77 /* TVShowListViewController.storyboard in Resources */,
				77F4632E230C9F5C008FB9D6 /* Assets.xcassets in Resources */,
				770373882345134100775698 /* AiringTodayCollectionViewCell.xib in Resources */,
				77EEF800233AA6C40054A499 /* SeasonEpisodeCollectionViewCell.xib in Resources */,
				7736A091231FFFD300566F0B /* SearchViewController.storyboard in Resources */,
			);
			runOnlyForDeploymentPostprocessing = 0;
		};
/* End PBXResourcesBuildPhase section */

/* Begin PBXShellScriptBuildPhase section */
		5104FCB0F649D9AD5ECB2DEB /* [CP] Embed Pods Frameworks */ = {
			isa = PBXShellScriptBuildPhase;
			buildActionMask = 2147483647;
			files = (
			);
			inputFileListPaths = (
				"${PODS_ROOT}/Target Support Files/Pods-TVToday/Pods-TVToday-frameworks-${CONFIGURATION}-input-files.xcfilelist",
			);
			name = "[CP] Embed Pods Frameworks";
			outputFileListPaths = (
				"${PODS_ROOT}/Target Support Files/Pods-TVToday/Pods-TVToday-frameworks-${CONFIGURATION}-output-files.xcfilelist",
			);
			runOnlyForDeploymentPostprocessing = 0;
			shellPath = /bin/sh;
			shellScript = "\"${PODS_ROOT}/Target Support Files/Pods-TVToday/Pods-TVToday-frameworks.sh\"\n";
			showEnvVarsInLog = 0;
		};
		77CE74FD24441ED0004788C8 /* ShellScript */ = {
			isa = PBXShellScriptBuildPhase;
			buildActionMask = 2147483647;
			files = (
			);
			inputFileListPaths = (
			);
			inputPaths = (
			);
			outputFileListPaths = (
			);
			outputPaths = (
			);
			runOnlyForDeploymentPostprocessing = 0;
			shellPath = /bin/sh;
			shellScript = "# Type a script or drag a script file from your workspace to insert its path.\nif which swiftlint >/dev/null; then\nswiftlint\nelse\necho \"warning: SwiftLint not installed, download from https://github.com/realm/SwiftLint\"\nfi\n";
		};
		FA7E97A9206573CF12A57BDB /* [CP] Check Pods Manifest.lock */ = {
			isa = PBXShellScriptBuildPhase;
			buildActionMask = 2147483647;
			files = (
			);
			inputFileListPaths = (
			);
			inputPaths = (
				"${PODS_PODFILE_DIR_PATH}/Podfile.lock",
				"${PODS_ROOT}/Manifest.lock",
			);
			name = "[CP] Check Pods Manifest.lock";
			outputFileListPaths = (
			);
			outputPaths = (
				"$(DERIVED_FILE_DIR)/Pods-TVToday-checkManifestLockResult.txt",
			);
			runOnlyForDeploymentPostprocessing = 0;
			shellPath = /bin/sh;
			shellScript = "diff \"${PODS_PODFILE_DIR_PATH}/Podfile.lock\" \"${PODS_ROOT}/Manifest.lock\" > /dev/null\nif [ $? != 0 ] ; then\n    # print error to STDERR\n    echo \"error: The sandbox is not in sync with the Podfile.lock. Run 'pod install' or update your CocoaPods installation.\" >&2\n    exit 1\nfi\n# This output is used by Xcode 'outputs' to avoid re-running this script phase.\necho \"SUCCESS\" > \"${SCRIPT_OUTPUT_FILE_0}\"\n";
			showEnvVarsInLog = 0;
		};
/* End PBXShellScriptBuildPhase section */

/* Begin PBXSourcesBuildPhase section */
		77F4631F230C9F5A008FB9D6 /* Sources */ = {
			isa = PBXSourcesBuildPhase;
			buildActionMask = 2147483647;
			files = (
				77C1AFC423D118AC00E4A965 /* FetchTVShowDetails.swift in Sources */,
				7722CE5A230D924C003DC4C5 /* SearchViewController.swift in Sources */,
				778B47EC23CE0C0C009AE084 /* FetchGenresUseCase.swift in Sources */,
				77193F3D232FE57F007FA822 /* TVShowListViewModel.swift in Sources */,
				77B8E03C23D60E2C00DBFD00 /* DefaultTVEpisodesRepository.swift in Sources */,
				7701B33E23D0C49D003DA227 /* SeasonResult+Decodable.swift in Sources */,
				77193F37232FE0CB007FA822 /* ShowsViewModel.swift in Sources */,
				77193F3B232FE2D9007FA822 /* PopularsViewModel.swift in Sources */,
				7701B33823D0C0C5003DA227 /* TVShowDetailResult+Decodable.swift in Sources */,
				77FFDE30233BA6C500C4096F /* SeasonHeaderView.swift in Sources */,
				774688BB243D0EEA00822598 /* PopularFlow.swift in Sources */,
				77EEF807233AA73A0054A499 /* SeasonListViewModel.swift in Sources */,
				77F46327230C9F5A008FB9D6 /* AppDelegate.swift in Sources */,
				77C1AFC623D119AD00E4A965 /* TVShowDetailsRepository.swift in Sources */,
				77E26213230D7C490066B1CB /* AiringTodayViewController.swift in Sources */,
				779ABBB3249DADD10095EA3F /* CreateTokenUseCase.swift in Sources */,
				777B177A243CD9AC002D5DCF /* SignedFlow.swift in Sources */,
				77F784B1242DAACF0053806C /* LoadingView.swift in Sources */,
				77F46345230CB059008FB9D6 /* TVShowResult.swift in Sources */,
				77FFB0912339544D00D17CF0 /* EpisodesListViewController.swift in Sources */,
				7722CE5E230D9A36003DC4C5 /* GenreListResult.swift in Sources */,
				770860FB23CE753200625183 /* StoryboardInstantiable.swift in Sources */,
				777B1778243CD676002D5DCF /* AppFlow.swift in Sources */,
				77443BAC249F403300703EA9 /* CreateSession.swift in Sources */,
				770B5C35230E06B2002019E6 /* TVShowDetailResult.swift in Sources */,
				77193F42232FF168007FA822 /* ResultsSearchViewModel.swift in Sources */,
				777B177E243CE1DA002D5DCF /* AiringTodayFlow.swift in Sources */,
				779ABBB7249DAF4C0095EA3F /* CreateSessionResult+Decodable.swift in Sources */,
				772244B72358B1B000AB67DA /* FooterReusableView.swift in Sources */,
				77E119E2232DE39900A01ACF /* AiringTodayViewModel.swift in Sources */,
				7703738B234517B000775698 /* AiringTodayCollectionViewModel.swift in Sources */,
				77E119DA232DD3C200A01ACF /* GenreViewCell.swift in Sources */,
				77193F3F232FEB4A007FA822 /* SearchViewModel.swift in Sources */,
				779ABBB1249DAAD90095EA3F /* CreateSessionResult.swift in Sources */,
				7787CFDA23554290007DA54E /* GenreProvider.swift in Sources */,
				7787CFD323553ED0007DA54E /* ApiError.swift in Sources */,
				7788BFDD2440007E00D98CD3 /* BaseViewModel.swift in Sources */,
				7726FE46249D67CC00D83C35 /* AccountFlow.swift in Sources */,
				770A4544242D8DC6005DF8AA /* SectionAiringToday.swift in Sources */,
				770860EE23CE6C4900625183 /* TVShowResult+Decodable.swift in Sources */,
				77E00DBC23CFB70A00B62B15 /* NetworkConfigurable.swift in Sources */,
				77EEF7FF233AA6C40054A499 /* SeasonEpisodeCollectionViewCell.swift in Sources */,
				7777E6E8243D3CCE00058686 /* TVShowDetailFlow.swift in Sources */,
				7726FE54249D8CD000D83C35 /* URLRequest+Extensions.swift in Sources */,
				779ABBB5249DAEBC0095EA3F /* CreateTokenResult+Decodable.swift in Sources */,
				778B47F323CE1778009AE084 /* DefaultTVShowsRepository.swift in Sources */,
				7726FE52249D882700D83C35 /* AuthProvider.swift in Sources */,
				7726FE4A249D72DA00D83C35 /* ProfileViewController.swift in Sources */,
				77054AAA233999440026B868 /* EpisodeItemViewModel.swift in Sources */,
				7701B33A23D0C3E3003DA227 /* Episode+Decodable.swift in Sources */,
				7762A948249DB5A200E00CDD /* AuthPermissionViewController.swift in Sources */,
				775927A12434FA1C004BB04E /* MessageImageView.swift in Sources */,
				77EEF804233AA70A0054A499 /* SeasonListTableViewCell.swift in Sources */,
				778B47EF23CE0C65009AE084 /* TVShowsRepository.swift in Sources */,
				7787CFD123553EC1007DA54E /* EndPoint.swift in Sources */,
				770D5B302335858800438937 /* Episode.swift in Sources */,
				7762A94A249DB63B00E00CDD /* AuthPermissionViewModel.swift in Sources */,
				7733F14724323EE700B41031 /* Episode+SectionModelType.swift in Sources */,
				774688BD243D132700822598 /* SearchFlow.swift in Sources */,
				772C5104242C0B020014F96D /* UIImageView+Kingfisher.swift in Sources */,
				77E37AAE23142CAC00C692DA /* ResultsSearchViewController.swift in Sources */,
				779ABBAF249DAA880095EA3F /* CreateTokenResult.swift in Sources */,
				777B1776243CD3CD002D5DCF /* AppDIContainer.swift in Sources */,
				7726FE4C249D743900D83C35 /* SignInViewModel.swift in Sources */,
				7722CE60230DA1C3003DC4C5 /* TVShowDetailViewController.swift in Sources */,
				779ABBAD249DA9A40095EA3F /* AuthRepository.swift in Sources */,
				77FFDE32233BB5FE00C4096F /* SeasonHeaderViewModel.swift in Sources */,
				77F4633D230CA864008FB9D6 /* TVShow.swift in Sources */,
				770A117D23D2250D00B57A6F /* ResultListView.swift in Sources */,
				77B8E03A23D60C0500DBFD00 /* FetchEpisodesUseCase.swift in Sources */,
				77FFB0932339556B00D17CF0 /* EpisodesListViewModel.swift in Sources */,
				7726FE48249D72CA00D83C35 /* SignInViewController.swift in Sources */,
				7716DD33242E3FEB009A0EDC /* MessageView.swift in Sources */,
				7726FE4E249D793900D83C35 /* ProfileViewModel.swift in Sources */,
				77B3CCD4232D7CC100921D23 /* TVShowViewCell.swift in Sources */,
				77C1AFC823D11A0E00E4A965 /* DefaultTVShowDetailsRepository.swift in Sources */,
				77193F44232FF8F5007FA822 /* TVShowDetailViewModel.swift in Sources */,
				77D6BF3823CF7AF60045CAB5 /* ApiClient.swift in Sources */,
				77C1AFBE23D1072E00E4A965 /* GenresRepository.swift in Sources */,
				7722CE52230D7DFA003DC4C5 /* PopularsViewController.swift in Sources */,
				77C1AFC023D1077D00E4A965 /* DefaultGenresRepository.swift in Sources */,
				770373872345134100775698 /* AiringTodayCollectionViewCell.swift in Sources */,
				7701B33C23D0C44D003DA227 /* GenreListResult+Decodable.swift in Sources */,
				7701B33623D0C08B003DA227 /* Genre+Decodable.swift in Sources */,
				7701B33423D0BDBD003DA227 /* TVShow+Decodable.swift in Sources */,
				7755D6DE23CCCD860083CB53 /* SimpleViewState.swift in Sources */,
				7726FE50249D82C500D83C35 /* UIViewController+Extensions.swift in Sources */,
				7722CE58230D90AF003DC4C5 /* Genre.swift in Sources */,
				779ABBB9249DAF9E0095EA3F /* DefaultAuthRepository.swift in Sources */,
				77EEF809233AA8330054A499 /* SeasonEpisodeViewModel.swift in Sources */,
				77544E672433FBBD00F02F9D /* SeasonsSectionModel.swift in Sources */,
				770D5B2E233584F000438937 /* SeasonResult.swift in Sources */,
				77DB76EC2314890A00A1DE77 /* TVShowListViewController.swift in Sources */,
				77B8E03823D60B8400DBFD00 /* TVEpisodesRepository.swift in Sources */,
				770D1036233941BF00CD84B2 /* EpisodeItemTableViewCell.swift in Sources */,
				7726FE43249D5F5600D83C35 /* AccountViewModel.swift in Sources */,
				778B47E823CE0BE1009AE084 /* FetchShowsUseCase.swift in Sources */,
				7726FE41249D5F4D00D83C35 /* AccountViewController.swift in Sources */,
				7787CFD723554208007DA54E /* TVShowsProvider.swift in Sources */,
				77E119E0232DE02A00A01ACF /* TVShowCellViewModel.swift in Sources */,
				770860F423CE6EB100625183 /* AppConfigurations.swift in Sources */,
			);
			runOnlyForDeploymentPostprocessing = 0;
		};
/* End PBXSourcesBuildPhase section */

/* Begin PBXVariantGroup section */
		77F4632F230C9F5C008FB9D6 /* LaunchScreen.storyboard */ = {
			isa = PBXVariantGroup;
			children = (
				77F46330230C9F5C008FB9D6 /* Base */,
			);
			name = LaunchScreen.storyboard;
			sourceTree = "<group>";
		};
/* End PBXVariantGroup section */

/* Begin XCBuildConfiguration section */
		77F46333230C9F5C008FB9D6 /* Debug */ = {
			isa = XCBuildConfiguration;
			buildSettings = {
				ALWAYS_SEARCH_USER_PATHS = NO;
				CLANG_ANALYZER_NONNULL = YES;
				CLANG_ANALYZER_NUMBER_OBJECT_CONVERSION = YES_AGGRESSIVE;
				CLANG_CXX_LANGUAGE_STANDARD = "gnu++14";
				CLANG_CXX_LIBRARY = "libc++";
				CLANG_ENABLE_MODULES = YES;
				CLANG_ENABLE_OBJC_ARC = YES;
				CLANG_ENABLE_OBJC_WEAK = YES;
				CLANG_WARN_BLOCK_CAPTURE_AUTORELEASING = YES;
				CLANG_WARN_BOOL_CONVERSION = YES;
				CLANG_WARN_COMMA = YES;
				CLANG_WARN_CONSTANT_CONVERSION = YES;
				CLANG_WARN_DEPRECATED_OBJC_IMPLEMENTATIONS = YES;
				CLANG_WARN_DIRECT_OBJC_ISA_USAGE = YES_ERROR;
				CLANG_WARN_DOCUMENTATION_COMMENTS = YES;
				CLANG_WARN_EMPTY_BODY = YES;
				CLANG_WARN_ENUM_CONVERSION = YES;
				CLANG_WARN_INFINITE_RECURSION = YES;
				CLANG_WARN_INT_CONVERSION = YES;
				CLANG_WARN_NON_LITERAL_NULL_CONVERSION = YES;
				CLANG_WARN_OBJC_IMPLICIT_RETAIN_SELF = YES;
				CLANG_WARN_OBJC_LITERAL_CONVERSION = YES;
				CLANG_WARN_OBJC_ROOT_CLASS = YES_ERROR;
				CLANG_WARN_RANGE_LOOP_ANALYSIS = YES;
				CLANG_WARN_STRICT_PROTOTYPES = YES;
				CLANG_WARN_SUSPICIOUS_MOVE = YES;
				CLANG_WARN_UNGUARDED_AVAILABILITY = YES_AGGRESSIVE;
				CLANG_WARN_UNREACHABLE_CODE = YES;
				CLANG_WARN__DUPLICATE_METHOD_MATCH = YES;
				CODE_SIGN_IDENTITY = "iPhone Developer";
				COPY_PHASE_STRIP = NO;
				DEBUG_INFORMATION_FORMAT = dwarf;
				ENABLE_STRICT_OBJC_MSGSEND = YES;
				ENABLE_TESTABILITY = YES;
				GCC_C_LANGUAGE_STANDARD = gnu11;
				GCC_DYNAMIC_NO_PIC = NO;
				GCC_NO_COMMON_BLOCKS = YES;
				GCC_OPTIMIZATION_LEVEL = 0;
				GCC_PREPROCESSOR_DEFINITIONS = (
					"DEBUG=1",
					"$(inherited)",
				);
				GCC_WARN_64_TO_32_BIT_CONVERSION = YES;
				GCC_WARN_ABOUT_RETURN_TYPE = YES_ERROR;
				GCC_WARN_UNDECLARED_SELECTOR = YES;
				GCC_WARN_UNINITIALIZED_AUTOS = YES_AGGRESSIVE;
				GCC_WARN_UNUSED_FUNCTION = YES;
				GCC_WARN_UNUSED_VARIABLE = YES;
				IPHONEOS_DEPLOYMENT_TARGET = 12.2;
				MTL_ENABLE_DEBUG_INFO = INCLUDE_SOURCE;
				MTL_FAST_MATH = YES;
				ONLY_ACTIVE_ARCH = YES;
				SDKROOT = iphoneos;
				SWIFT_ACTIVE_COMPILATION_CONDITIONS = DEBUG;
				SWIFT_OPTIMIZATION_LEVEL = "-Onone";
			};
			name = Debug;
		};
		77F46334230C9F5C008FB9D6 /* Release */ = {
			isa = XCBuildConfiguration;
			buildSettings = {
				ALWAYS_SEARCH_USER_PATHS = NO;
				CLANG_ANALYZER_NONNULL = YES;
				CLANG_ANALYZER_NUMBER_OBJECT_CONVERSION = YES_AGGRESSIVE;
				CLANG_CXX_LANGUAGE_STANDARD = "gnu++14";
				CLANG_CXX_LIBRARY = "libc++";
				CLANG_ENABLE_MODULES = YES;
				CLANG_ENABLE_OBJC_ARC = YES;
				CLANG_ENABLE_OBJC_WEAK = YES;
				CLANG_WARN_BLOCK_CAPTURE_AUTORELEASING = YES;
				CLANG_WARN_BOOL_CONVERSION = YES;
				CLANG_WARN_COMMA = YES;
				CLANG_WARN_CONSTANT_CONVERSION = YES;
				CLANG_WARN_DEPRECATED_OBJC_IMPLEMENTATIONS = YES;
				CLANG_WARN_DIRECT_OBJC_ISA_USAGE = YES_ERROR;
				CLANG_WARN_DOCUMENTATION_COMMENTS = YES;
				CLANG_WARN_EMPTY_BODY = YES;
				CLANG_WARN_ENUM_CONVERSION = YES;
				CLANG_WARN_INFINITE_RECURSION = YES;
				CLANG_WARN_INT_CONVERSION = YES;
				CLANG_WARN_NON_LITERAL_NULL_CONVERSION = YES;
				CLANG_WARN_OBJC_IMPLICIT_RETAIN_SELF = YES;
				CLANG_WARN_OBJC_LITERAL_CONVERSION = YES;
				CLANG_WARN_OBJC_ROOT_CLASS = YES_ERROR;
				CLANG_WARN_RANGE_LOOP_ANALYSIS = YES;
				CLANG_WARN_STRICT_PROTOTYPES = YES;
				CLANG_WARN_SUSPICIOUS_MOVE = YES;
				CLANG_WARN_UNGUARDED_AVAILABILITY = YES_AGGRESSIVE;
				CLANG_WARN_UNREACHABLE_CODE = YES;
				CLANG_WARN__DUPLICATE_METHOD_MATCH = YES;
				CODE_SIGN_IDENTITY = "iPhone Developer";
				COPY_PHASE_STRIP = NO;
				DEBUG_INFORMATION_FORMAT = "dwarf-with-dsym";
				ENABLE_NS_ASSERTIONS = NO;
				ENABLE_STRICT_OBJC_MSGSEND = YES;
				GCC_C_LANGUAGE_STANDARD = gnu11;
				GCC_NO_COMMON_BLOCKS = YES;
				GCC_WARN_64_TO_32_BIT_CONVERSION = YES;
				GCC_WARN_ABOUT_RETURN_TYPE = YES_ERROR;
				GCC_WARN_UNDECLARED_SELECTOR = YES;
				GCC_WARN_UNINITIALIZED_AUTOS = YES_AGGRESSIVE;
				GCC_WARN_UNUSED_FUNCTION = YES;
				GCC_WARN_UNUSED_VARIABLE = YES;
				IPHONEOS_DEPLOYMENT_TARGET = 12.2;
				MTL_ENABLE_DEBUG_INFO = NO;
				MTL_FAST_MATH = YES;
				SDKROOT = iphoneos;
				SWIFT_COMPILATION_MODE = wholemodule;
				SWIFT_OPTIMIZATION_LEVEL = "-O";
				VALIDATE_PRODUCT = YES;
			};
			name = Release;
		};
		77F46336230C9F5C008FB9D6 /* Debug */ = {
			isa = XCBuildConfiguration;
			baseConfigurationReference = B95ED2A422A05D8E2A1DCD58 /* Pods-TVToday.debug.xcconfig */;
			buildSettings = {
				API_BASE_URL = "https://api.themoviedb.org";
				API_KEY = 06e1a8c1f39b7a033e2efb972625fee2;
				ASSETCATALOG_COMPILER_APPICON_NAME = AppIcon;
				CODE_SIGN_STYLE = Automatic;
				DEVELOPMENT_TEAM = DV4PUUR55B;
				IMAGE_BASE_URL = "https://image.tmdb.org";
				INFOPLIST_FILE = MyMovies/Resources/Info.plist;
				LD_RUNPATH_SEARCH_PATHS = (
					"$(inherited)",
					"@executable_path/Frameworks",
				);
				PRODUCT_BUNDLE_IDENTIFIER = home.rcaos.tvtoday;
				PRODUCT_NAME = "$(TARGET_NAME)";
				SWIFT_VERSION = 5.0;
				TARGETED_DEVICE_FAMILY = "1,2";
			};
			name = Debug;
		};
		77F46337230C9F5C008FB9D6 /* Release */ = {
			isa = XCBuildConfiguration;
			baseConfigurationReference = 6B31C5D8C8975410C9632334 /* Pods-TVToday.release.xcconfig */;
			buildSettings = {
				API_BASE_URL = "https://api.themoviedb.org";
				API_KEY = 06e1a8c1f39b7a033e2efb972625fee2;
				ASSETCATALOG_COMPILER_APPICON_NAME = AppIcon;
				CODE_SIGN_STYLE = Automatic;
				DEVELOPMENT_TEAM = DV4PUUR55B;
				IMAGE_BASE_URL = "https://image.tmdb.org";
				INFOPLIST_FILE = MyMovies/Resources/Info.plist;
				LD_RUNPATH_SEARCH_PATHS = (
					"$(inherited)",
					"@executable_path/Frameworks",
				);
				PRODUCT_BUNDLE_IDENTIFIER = home.rcaos.tvtoday;
				PRODUCT_NAME = "$(TARGET_NAME)";
				SWIFT_VERSION = 5.0;
				TARGETED_DEVICE_FAMILY = "1,2";
			};
			name = Release;
		};
/* End XCBuildConfiguration section */

/* Begin XCConfigurationList section */
		77F4631E230C9F5A008FB9D6 /* Build configuration list for PBXProject "TVToday" */ = {
			isa = XCConfigurationList;
			buildConfigurations = (
				77F46333230C9F5C008FB9D6 /* Debug */,
				77F46334230C9F5C008FB9D6 /* Release */,
			);
			defaultConfigurationIsVisible = 0;
			defaultConfigurationName = Release;
		};
		77F46335230C9F5C008FB9D6 /* Build configuration list for PBXNativeTarget "TVToday" */ = {
			isa = XCConfigurationList;
			buildConfigurations = (
				77F46336230C9F5C008FB9D6 /* Debug */,
				77F46337230C9F5C008FB9D6 /* Release */,
			);
			defaultConfigurationIsVisible = 0;
			defaultConfigurationName = Release;
		};
/* End XCConfigurationList section */
	};
	rootObject = 77F4631B230C9F5A008FB9D6 /* Project object */;
}
