// !$*UTF8*$!
{
	archiveVersion = 1;
	classes = {
	};
	objectVersion = 51;
	objects = {

/* Begin PBXBuildFile section */
		0B58BC9FA5F959E417DFC783 /* Pods_TVToday.framework in Frameworks */ = {isa = PBXBuildFile; fileRef = DE94CDC6BAA4992FDBBFA2F8 /* Pods_TVToday.framework */; };
		7707D36624A6A91000CD30BD /* TVTodayAssets.xcassets in Resources */ = {isa = PBXBuildFile; fileRef = 7707D36524A6A91000CD30BD /* TVTodayAssets.xcassets */; };
		770860F423CE6EB100625183 /* AppConfigurations.swift in Sources */ = {isa = PBXBuildFile; fileRef = 770860F323CE6EB100625183 /* AppConfigurations.swift */; };
		7762A94C249DC78300E00CDD /* WebKit.framework in Frameworks */ = {isa = PBXBuildFile; fileRef = 7762A94B249DC78300E00CDD /* WebKit.framework */; };
		777B1776243CD3CD002D5DCF /* AppDIContainer.swift in Sources */ = {isa = PBXBuildFile; fileRef = 777B1775243CD3CD002D5DCF /* AppDIContainer.swift */; };
		777B1778243CD676002D5DCF /* AppFlow.swift in Sources */ = {isa = PBXBuildFile; fileRef = 777B1777243CD676002D5DCF /* AppFlow.swift */; };
		777B177A243CD9AC002D5DCF /* SignedFlow.swift in Sources */ = {isa = PBXBuildFile; fileRef = 777B1779243CD9AC002D5DCF /* SignedFlow.swift */; };
		77F46327230C9F5A008FB9D6 /* AppDelegate.swift in Sources */ = {isa = PBXBuildFile; fileRef = 77F46326230C9F5A008FB9D6 /* AppDelegate.swift */; };
		77F46331230C9F5C008FB9D6 /* LaunchScreen.storyboard in Resources */ = {isa = PBXBuildFile; fileRef = 77F4632F230C9F5C008FB9D6 /* LaunchScreen.storyboard */; };
/* End PBXBuildFile section */

/* Begin PBXFileReference section */
		6B31C5D8C8975410C9632334 /* Pods-TVToday.release.xcconfig */ = {isa = PBXFileReference; includeInIndex = 1; lastKnownFileType = text.xcconfig; name = "Pods-TVToday.release.xcconfig"; path = "Target Support Files/Pods-TVToday/Pods-TVToday.release.xcconfig"; sourceTree = "<group>"; };
		7707D36524A6A91000CD30BD /* TVTodayAssets.xcassets */ = {isa = PBXFileReference; lastKnownFileType = folder.assetcatalog; path = TVTodayAssets.xcassets; sourceTree = "<group>"; };
		770860F323CE6EB100625183 /* AppConfigurations.swift */ = {isa = PBXFileReference; lastKnownFileType = sourcecode.swift; path = AppConfigurations.swift; sourceTree = "<group>"; };
		7762A94B249DC78300E00CDD /* WebKit.framework */ = {isa = PBXFileReference; lastKnownFileType = wrapper.framework; name = WebKit.framework; path = System/Library/Frameworks/WebKit.framework; sourceTree = SDKROOT; };
		777B1775243CD3CD002D5DCF /* AppDIContainer.swift */ = {isa = PBXFileReference; lastKnownFileType = sourcecode.swift; path = AppDIContainer.swift; sourceTree = "<group>"; };
		777B1777243CD676002D5DCF /* AppFlow.swift */ = {isa = PBXFileReference; lastKnownFileType = sourcecode.swift; path = AppFlow.swift; sourceTree = "<group>"; };
		777B1779243CD9AC002D5DCF /* SignedFlow.swift */ = {isa = PBXFileReference; lastKnownFileType = sourcecode.swift; path = SignedFlow.swift; sourceTree = "<group>"; };
		77F46323230C9F5A008FB9D6 /* TVToday.app */ = {isa = PBXFileReference; explicitFileType = wrapper.application; includeInIndex = 0; path = TVToday.app; sourceTree = BUILT_PRODUCTS_DIR; };
		77F46326230C9F5A008FB9D6 /* AppDelegate.swift */ = {isa = PBXFileReference; lastKnownFileType = sourcecode.swift; path = AppDelegate.swift; sourceTree = "<group>"; };
		77F46330230C9F5C008FB9D6 /* Base */ = {isa = PBXFileReference; lastKnownFileType = file.storyboard; name = Base; path = Base.lproj/LaunchScreen.storyboard; sourceTree = "<group>"; };
		77F46332230C9F5C008FB9D6 /* Info.plist */ = {isa = PBXFileReference; lastKnownFileType = text.plist.xml; path = Info.plist; sourceTree = "<group>"; };
		B95ED2A422A05D8E2A1DCD58 /* Pods-TVToday.debug.xcconfig */ = {isa = PBXFileReference; includeInIndex = 1; lastKnownFileType = text.xcconfig; name = "Pods-TVToday.debug.xcconfig"; path = "Target Support Files/Pods-TVToday/Pods-TVToday.debug.xcconfig"; sourceTree = "<group>"; };
		DE94CDC6BAA4992FDBBFA2F8 /* Pods_TVToday.framework */ = {isa = PBXFileReference; explicitFileType = wrapper.framework; includeInIndex = 0; path = Pods_TVToday.framework; sourceTree = BUILT_PRODUCTS_DIR; };
/* End PBXFileReference section */

/* Begin PBXFrameworksBuildPhase section */
		77F46320230C9F5A008FB9D6 /* Frameworks */ = {
			isa = PBXFrameworksBuildPhase;
			buildActionMask = 2147483647;
			files = (
				7762A94C249DC78300E00CDD /* WebKit.framework in Frameworks */,
				0B58BC9FA5F959E417DFC783 /* Pods_TVToday.framework in Frameworks */,
			);
			runOnlyForDeploymentPostprocessing = 0;
		};
/* End PBXFrameworksBuildPhase section */

/* Begin PBXGroup section */
		648B86FDAE2FF3F0A0713B4C /* Frameworks */ = {
			isa = PBXGroup;
			children = (
				7762A94B249DC78300E00CDD /* WebKit.framework */,
				DE94CDC6BAA4992FDBBFA2F8 /* Pods_TVToday.framework */,
			);
			name = Frameworks;
			sourceTree = "<group>";
		};
		770860F123CE6E8800625183 /* Resources */ = {
			isa = PBXGroup;
			children = (
				77F4632F230C9F5C008FB9D6 /* LaunchScreen.storyboard */,
				77F46332230C9F5C008FB9D6 /* Info.plist */,
				7707D36524A6A91000CD30BD /* TVTodayAssets.xcassets */,
			);
			path = Resources;
			sourceTree = "<group>";
		};
		770860F223CE6E8E00625183 /* Application */ = {
			isa = PBXGroup;
			children = (
				77F46326230C9F5A008FB9D6 /* AppDelegate.swift */,
				770860F323CE6EB100625183 /* AppConfigurations.swift */,
				770860F723CE6F5700625183 /* DIContainer */,
			);
			path = Application;
			sourceTree = "<group>";
		};
		770860F723CE6F5700625183 /* DIContainer */ = {
			isa = PBXGroup;
			children = (
				777B1775243CD3CD002D5DCF /* AppDIContainer.swift */,
				777B1777243CD676002D5DCF /* AppFlow.swift */,
				777B1779243CD9AC002D5DCF /* SignedFlow.swift */,
			);
			path = DIContainer;
			sourceTree = "<group>";
		};
		77F4631A230C9F5A008FB9D6 = {
			isa = PBXGroup;
			children = (
				77F46325230C9F5A008FB9D6 /* MyMovies */,
				77F46324230C9F5A008FB9D6 /* Products */,
				80E5B0D51B32A6D5D94AD7AD /* Pods */,
				648B86FDAE2FF3F0A0713B4C /* Frameworks */,
			);
			sourceTree = "<group>";
		};
		77F46324230C9F5A008FB9D6 /* Products */ = {
			isa = PBXGroup;
			children = (
				77F46323230C9F5A008FB9D6 /* TVToday.app */,
			);
			name = Products;
			sourceTree = "<group>";
		};
		77F46325230C9F5A008FB9D6 /* MyMovies */ = {
			isa = PBXGroup;
			children = (
				770860F223CE6E8E00625183 /* Application */,
				770860F123CE6E8800625183 /* Resources */,
			);
			path = MyMovies;
			sourceTree = "<group>";
		};
		80E5B0D51B32A6D5D94AD7AD /* Pods */ = {
			isa = PBXGroup;
			children = (
				B95ED2A422A05D8E2A1DCD58 /* Pods-TVToday.debug.xcconfig */,
				6B31C5D8C8975410C9632334 /* Pods-TVToday.release.xcconfig */,
			);
			path = Pods;
			sourceTree = "<group>";
		};
/* End PBXGroup section */

/* Begin PBXNativeTarget section */
		77F46322230C9F5A008FB9D6 /* TVToday */ = {
			isa = PBXNativeTarget;
			buildConfigurationList = 77F46335230C9F5C008FB9D6 /* Build configuration list for PBXNativeTarget "TVToday" */;
			buildPhases = (
				FA7E97A9206573CF12A57BDB /* [CP] Check Pods Manifest.lock */,
				77CE74FD24441ED0004788C8 /* ShellScript */,
				77F4631F230C9F5A008FB9D6 /* Sources */,
				77F46320230C9F5A008FB9D6 /* Frameworks */,
				77F46321230C9F5A008FB9D6 /* Resources */,
				5104FCB0F649D9AD5ECB2DEB /* [CP] Embed Pods Frameworks */,
			);
			buildRules = (
			);
			dependencies = (
			);
			name = TVToday;
			productName = MyMovies;
			productReference = 77F46323230C9F5A008FB9D6 /* TVToday.app */;
			productType = "com.apple.product-type.application";
		};
/* End PBXNativeTarget section */

/* Begin PBXProject section */
		77F4631B230C9F5A008FB9D6 /* Project object */ = {
			isa = PBXProject;
			attributes = {
				LastSwiftUpdateCheck = 1020;
				LastUpgradeCheck = 1020;
				ORGANIZATIONNAME = Jeans;
				TargetAttributes = {
					77F46322230C9F5A008FB9D6 = {
						CreatedOnToolsVersion = 10.2.1;
					};
				};
			};
			buildConfigurationList = 77F4631E230C9F5A008FB9D6 /* Build configuration list for PBXProject "TVToday" */;
			compatibilityVersion = "Xcode 9.3";
			developmentRegion = en;
			hasScannedForEncodings = 0;
			knownRegions = (
				en,
				Base,
			);
			mainGroup = 77F4631A230C9F5A008FB9D6;
			productRefGroup = 77F46324230C9F5A008FB9D6 /* Products */;
			projectDirPath = "";
			projectRoot = "";
			targets = (
				77F46322230C9F5A008FB9D6 /* TVToday */,
			);
		};
/* End PBXProject section */

/* Begin PBXResourcesBuildPhase section */
		77F46321230C9F5A008FB9D6 /* Resources */ = {
			isa = PBXResourcesBuildPhase;
			buildActionMask = 2147483647;
			files = (
				7707D36624A6A91000CD30BD /* TVTodayAssets.xcassets in Resources */,
				77F46331230C9F5C008FB9D6 /* LaunchScreen.storyboard in Resources */,
			);
			runOnlyForDeploymentPostprocessing = 0;
		};
/* End PBXResourcesBuildPhase section */

/* Begin PBXShellScriptBuildPhase section */
		5104FCB0F649D9AD5ECB2DEB /* [CP] Embed Pods Frameworks */ = {
			isa = PBXShellScriptBuildPhase;
			buildActionMask = 2147483647;
			files = (
			);
			inputFileListPaths = (
				"${PODS_ROOT}/Target Support Files/Pods-TVToday/Pods-TVToday-frameworks-${CONFIGURATION}-input-files.xcfilelist",
			);
			name = "[CP] Embed Pods Frameworks";
			outputFileListPaths = (
				"${PODS_ROOT}/Target Support Files/Pods-TVToday/Pods-TVToday-frameworks-${CONFIGURATION}-output-files.xcfilelist",
			);
			runOnlyForDeploymentPostprocessing = 0;
			shellPath = /bin/sh;
			shellScript = "\"${PODS_ROOT}/Target Support Files/Pods-TVToday/Pods-TVToday-frameworks.sh\"\n";
			showEnvVarsInLog = 0;
		};
		77CE74FD24441ED0004788C8 /* ShellScript */ = {
			isa = PBXShellScriptBuildPhase;
			buildActionMask = 2147483647;
			files = (
			);
			inputFileListPaths = (
			);
			inputPaths = (
			);
			outputFileListPaths = (
			);
			outputPaths = (
			);
			runOnlyForDeploymentPostprocessing = 0;
			shellPath = /bin/sh;
			shellScript = "# Type a script or drag a script file from your workspace to insert its path.\nif which swiftlint >/dev/null; then\nswiftlint\nelse\necho \"warning: SwiftLint not installed, download from https://github.com/realm/SwiftLint\"\nfi\n";
		};
		FA7E97A9206573CF12A57BDB /* [CP] Check Pods Manifest.lock */ = {
			isa = PBXShellScriptBuildPhase;
			buildActionMask = 2147483647;
			files = (
			);
			inputFileListPaths = (
			);
			inputPaths = (
				"${PODS_PODFILE_DIR_PATH}/Podfile.lock",
				"${PODS_ROOT}/Manifest.lock",
			);
			name = "[CP] Check Pods Manifest.lock";
			outputFileListPaths = (
			);
			outputPaths = (
				"$(DERIVED_FILE_DIR)/Pods-TVToday-checkManifestLockResult.txt",
			);
			runOnlyForDeploymentPostprocessing = 0;
			shellPath = /bin/sh;
			shellScript = "diff \"${PODS_PODFILE_DIR_PATH}/Podfile.lock\" \"${PODS_ROOT}/Manifest.lock\" > /dev/null\nif [ $? != 0 ] ; then\n    # print error to STDERR\n    echo \"error: The sandbox is not in sync with the Podfile.lock. Run 'pod install' or update your CocoaPods installation.\" >&2\n    exit 1\nfi\n# This output is used by Xcode 'outputs' to avoid re-running this script phase.\necho \"SUCCESS\" > \"${SCRIPT_OUTPUT_FILE_0}\"\n";
			showEnvVarsInLog = 0;
		};
/* End PBXShellScriptBuildPhase section */

/* Begin PBXSourcesBuildPhase section */
		77F4631F230C9F5A008FB9D6 /* Sources */ = {
			isa = PBXSourcesBuildPhase;
			buildActionMask = 2147483647;
			files = (
				77F46327230C9F5A008FB9D6 /* AppDelegate.swift in Sources */,
				777B177A243CD9AC002D5DCF /* SignedFlow.swift in Sources */,
				777B1778243CD676002D5DCF /* AppFlow.swift in Sources */,
				777B1776243CD3CD002D5DCF /* AppDIContainer.swift in Sources */,
				770860F423CE6EB100625183 /* AppConfigurations.swift in Sources */,
			);
			runOnlyForDeploymentPostprocessing = 0;
		};
/* End PBXSourcesBuildPhase section */

/* Begin PBXVariantGroup section */
		77F4632F230C9F5C008FB9D6 /* LaunchScreen.storyboard */ = {
			isa = PBXVariantGroup;
			children = (
				77F46330230C9F5C008FB9D6 /* Base */,
			);
			name = LaunchScreen.storyboard;
			sourceTree = "<group>";
		};
/* End PBXVariantGroup section */

/* Begin XCBuildConfiguration section */
		77F46333230C9F5C008FB9D6 /* Debug */ = {
			isa = XCBuildConfiguration;
			buildSettings = {
				ALWAYS_SEARCH_USER_PATHS = NO;
				CLANG_ANALYZER_NONNULL = YES;
				CLANG_ANALYZER_NUMBER_OBJECT_CONVERSION = YES_AGGRESSIVE;
				CLANG_CXX_LANGUAGE_STANDARD = "gnu++14";
				CLANG_CXX_LIBRARY = "libc++";
				CLANG_ENABLE_MODULES = YES;
				CLANG_ENABLE_OBJC_ARC = YES;
				CLANG_ENABLE_OBJC_WEAK = YES;
				CLANG_WARN_BLOCK_CAPTURE_AUTORELEASING = YES;
				CLANG_WARN_BOOL_CONVERSION = YES;
				CLANG_WARN_COMMA = YES;
				CLANG_WARN_CONSTANT_CONVERSION = YES;
				CLANG_WARN_DEPRECATED_OBJC_IMPLEMENTATIONS = YES;
				CLANG_WARN_DIRECT_OBJC_ISA_USAGE = YES_ERROR;
				CLANG_WARN_DOCUMENTATION_COMMENTS = YES;
				CLANG_WARN_EMPTY_BODY = YES;
				CLANG_WARN_ENUM_CONVERSION = YES;
				CLANG_WARN_INFINITE_RECURSION = YES;
				CLANG_WARN_INT_CONVERSION = YES;
				CLANG_WARN_NON_LITERAL_NULL_CONVERSION = YES;
				CLANG_WARN_OBJC_IMPLICIT_RETAIN_SELF = YES;
				CLANG_WARN_OBJC_LITERAL_CONVERSION = YES;
				CLANG_WARN_OBJC_ROOT_CLASS = YES_ERROR;
				CLANG_WARN_RANGE_LOOP_ANALYSIS = YES;
				CLANG_WARN_STRICT_PROTOTYPES = YES;
				CLANG_WARN_SUSPICIOUS_MOVE = YES;
				CLANG_WARN_UNGUARDED_AVAILABILITY = YES_AGGRESSIVE;
				CLANG_WARN_UNREACHABLE_CODE = YES;
				CLANG_WARN__DUPLICATE_METHOD_MATCH = YES;
				CODE_SIGN_IDENTITY = "iPhone Developer";
				COPY_PHASE_STRIP = NO;
				DEBUG_INFORMATION_FORMAT = dwarf;
				ENABLE_STRICT_OBJC_MSGSEND = YES;
				ENABLE_TESTABILITY = YES;
				GCC_C_LANGUAGE_STANDARD = gnu11;
				GCC_DYNAMIC_NO_PIC = NO;
				GCC_NO_COMMON_BLOCKS = YES;
				GCC_OPTIMIZATION_LEVEL = 0;
				GCC_PREPROCESSOR_DEFINITIONS = (
					"DEBUG=1",
					"$(inherited)",
				);
				GCC_WARN_64_TO_32_BIT_CONVERSION = YES;
				GCC_WARN_ABOUT_RETURN_TYPE = YES_ERROR;
				GCC_WARN_UNDECLARED_SELECTOR = YES;
				GCC_WARN_UNINITIALIZED_AUTOS = YES_AGGRESSIVE;
				GCC_WARN_UNUSED_FUNCTION = YES;
				GCC_WARN_UNUSED_VARIABLE = YES;
				IPHONEOS_DEPLOYMENT_TARGET = 12.2;
				MTL_ENABLE_DEBUG_INFO = INCLUDE_SOURCE;
				MTL_FAST_MATH = YES;
				ONLY_ACTIVE_ARCH = YES;
				SDKROOT = iphoneos;
				SWIFT_ACTIVE_COMPILATION_CONDITIONS = DEBUG;
				SWIFT_OPTIMIZATION_LEVEL = "-Onone";
			};
			name = Debug;
		};
		77F46334230C9F5C008FB9D6 /* Release */ = {
			isa = XCBuildConfiguration;
			buildSettings = {
				ALWAYS_SEARCH_USER_PATHS = NO;
				CLANG_ANALYZER_NONNULL = YES;
				CLANG_ANALYZER_NUMBER_OBJECT_CONVERSION = YES_AGGRESSIVE;
				CLANG_CXX_LANGUAGE_STANDARD = "gnu++14";
				CLANG_CXX_LIBRARY = "libc++";
				CLANG_ENABLE_MODULES = YES;
				CLANG_ENABLE_OBJC_ARC = YES;
				CLANG_ENABLE_OBJC_WEAK = YES;
				CLANG_WARN_BLOCK_CAPTURE_AUTORELEASING = YES;
				CLANG_WARN_BOOL_CONVERSION = YES;
				CLANG_WARN_COMMA = YES;
				CLANG_WARN_CONSTANT_CONVERSION = YES;
				CLANG_WARN_DEPRECATED_OBJC_IMPLEMENTATIONS = YES;
				CLANG_WARN_DIRECT_OBJC_ISA_USAGE = YES_ERROR;
				CLANG_WARN_DOCUMENTATION_COMMENTS = YES;
				CLANG_WARN_EMPTY_BODY = YES;
				CLANG_WARN_ENUM_CONVERSION = YES;
				CLANG_WARN_INFINITE_RECURSION = YES;
				CLANG_WARN_INT_CONVERSION = YES;
				CLANG_WARN_NON_LITERAL_NULL_CONVERSION = YES;
				CLANG_WARN_OBJC_IMPLICIT_RETAIN_SELF = YES;
				CLANG_WARN_OBJC_LITERAL_CONVERSION = YES;
				CLANG_WARN_OBJC_ROOT_CLASS = YES_ERROR;
				CLANG_WARN_RANGE_LOOP_ANALYSIS = YES;
				CLANG_WARN_STRICT_PROTOTYPES = YES;
				CLANG_WARN_SUSPICIOUS_MOVE = YES;
				CLANG_WARN_UNGUARDED_AVAILABILITY = YES_AGGRESSIVE;
				CLANG_WARN_UNREACHABLE_CODE = YES;
				CLANG_WARN__DUPLICATE_METHOD_MATCH = YES;
				CODE_SIGN_IDENTITY = "iPhone Developer";
				COPY_PHASE_STRIP = NO;
				DEBUG_INFORMATION_FORMAT = "dwarf-with-dsym";
				ENABLE_NS_ASSERTIONS = NO;
				ENABLE_STRICT_OBJC_MSGSEND = YES;
				GCC_C_LANGUAGE_STANDARD = gnu11;
				GCC_NO_COMMON_BLOCKS = YES;
				GCC_WARN_64_TO_32_BIT_CONVERSION = YES;
				GCC_WARN_ABOUT_RETURN_TYPE = YES_ERROR;
				GCC_WARN_UNDECLARED_SELECTOR = YES;
				GCC_WARN_UNINITIALIZED_AUTOS = YES_AGGRESSIVE;
				GCC_WARN_UNUSED_FUNCTION = YES;
				GCC_WARN_UNUSED_VARIABLE = YES;
				IPHONEOS_DEPLOYMENT_TARGET = 12.2;
				MTL_ENABLE_DEBUG_INFO = NO;
				MTL_FAST_MATH = YES;
				SDKROOT = iphoneos;
				SWIFT_COMPILATION_MODE = wholemodule;
				SWIFT_OPTIMIZATION_LEVEL = "-O";
				VALIDATE_PRODUCT = YES;
			};
			name = Release;
		};
		77F46336230C9F5C008FB9D6 /* Debug */ = {
			isa = XCBuildConfiguration;
			baseConfigurationReference = B95ED2A422A05D8E2A1DCD58 /* Pods-TVToday.debug.xcconfig */;
			buildSettings = {
				API_BASE_URL = "https://api.themoviedb.org";
				API_KEY = 06e1a8c1f39b7a033e2efb972625fee2;
				ASSETCATALOG_COMPILER_APPICON_NAME = AppIcon;
				CODE_SIGN_STYLE = Automatic;
				DEVELOPMENT_TEAM = DV4PUUR55B;
				IMAGE_BASE_URL = "https://image.tmdb.org";
				INFOPLIST_FILE = MyMovies/Resources/Info.plist;
				LD_RUNPATH_SEARCH_PATHS = (
					"$(inherited)",
					"@executable_path/Frameworks",
				);
				PRODUCT_BUNDLE_IDENTIFIER = home.rcaos.tvtoday;
				PRODUCT_NAME = "$(TARGET_NAME)";
				SWIFT_VERSION = 5.0;
				TARGETED_DEVICE_FAMILY = "1,2";
			};
			name = Debug;
		};
		77F46337230C9F5C008FB9D6 /* Release */ = {
			isa = XCBuildConfiguration;
			baseConfigurationReference = 6B31C5D8C8975410C9632334 /* Pods-TVToday.release.xcconfig */;
			buildSettings = {
				API_BASE_URL = "https://api.themoviedb.org";
				API_KEY = 06e1a8c1f39b7a033e2efb972625fee2;
				ASSETCATALOG_COMPILER_APPICON_NAME = AppIcon;
				CODE_SIGN_STYLE = Automatic;
				DEVELOPMENT_TEAM = DV4PUUR55B;
				IMAGE_BASE_URL = "https://image.tmdb.org";
				INFOPLIST_FILE = MyMovies/Resources/Info.plist;
				LD_RUNPATH_SEARCH_PATHS = (
					"$(inherited)",
					"@executable_path/Frameworks",
				);
				PRODUCT_BUNDLE_IDENTIFIER = home.rcaos.tvtoday;
				PRODUCT_NAME = "$(TARGET_NAME)";
				SWIFT_VERSION = 5.0;
				TARGETED_DEVICE_FAMILY = "1,2";
			};
			name = Release;
		};
/* End XCBuildConfiguration section */

/* Begin XCConfigurationList section */
		77F4631E230C9F5A008FB9D6 /* Build configuration list for PBXProject "TVToday" */ = {
			isa = XCConfigurationList;
			buildConfigurations = (
				77F46333230C9F5C008FB9D6 /* Debug */,
				77F46334230C9F5C008FB9D6 /* Release */,
			);
			defaultConfigurationIsVisible = 0;
			defaultConfigurationName = Release;
		};
		77F46335230C9F5C008FB9D6 /* Build configuration list for PBXNativeTarget "TVToday" */ = {
			isa = XCConfigurationList;
			buildConfigurations = (
				77F46336230C9F5C008FB9D6 /* Debug */,
				77F46337230C9F5C008FB9D6 /* Release */,
			);
			defaultConfigurationIsVisible = 0;
			defaultConfigurationName = Release;
		};
/* End XCConfigurationList section */
	};
	rootObject = 77F4631B230C9F5A008FB9D6 /* Project object */;
}
