// !$*UTF8*$!
{
	archiveVersion = 1;
	classes = {
	};
	objectVersion = 50;
	objects = {

/* Begin PBXBuildFile section */
		770373872345134100775698 /* AiringTodayCollectionViewCell.swift in Sources */ = {isa = PBXBuildFile; fileRef = 770373852345134100775698 /* AiringTodayCollectionViewCell.swift */; };
		770373882345134100775698 /* AiringTodayCollectionViewCell.xib in Resources */ = {isa = PBXBuildFile; fileRef = 770373862345134100775698 /* AiringTodayCollectionViewCell.xib */; };
		7703738B234517B000775698 /* AiringTodayCollectionViewModel.swift in Sources */ = {isa = PBXBuildFile; fileRef = 7703738A234517B000775698 /* AiringTodayCollectionViewModel.swift */; };
		77054AAA233999440026B868 /* SeasonListTableViewModel.swift in Sources */ = {isa = PBXBuildFile; fileRef = 77054AA9233999430026B868 /* SeasonListTableViewModel.swift */; };
		770B5C35230E06B2002019E6 /* TVShowDetailResult.swift in Sources */ = {isa = PBXBuildFile; fileRef = 770B5C34230E06B2002019E6 /* TVShowDetailResult.swift */; };
		770D102F2339408A00CD84B2 /* SeasonsListViewController.swift in Sources */ = {isa = PBXBuildFile; fileRef = 770D102E2339408A00CD84B2 /* SeasonsListViewController.swift */; };
		770D1036233941BF00CD84B2 /* SeasonListTableViewCell.swift in Sources */ = {isa = PBXBuildFile; fileRef = 770D1034233941BF00CD84B2 /* SeasonListTableViewCell.swift */; };
		770D1037233941BF00CD84B2 /* SeasonListTableViewCell.xib in Resources */ = {isa = PBXBuildFile; fileRef = 770D1035233941BF00CD84B2 /* SeasonListTableViewCell.xib */; };
		770D5B2C23355E9100438937 /* SeasonsList.storyboard in Resources */ = {isa = PBXBuildFile; fileRef = 770D5B2B23355E9100438937 /* SeasonsList.storyboard */; };
		770D5B2E233584F000438937 /* SeasonResult.swift in Sources */ = {isa = PBXBuildFile; fileRef = 770D5B2D233584F000438937 /* SeasonResult.swift */; };
		770D5B302335858800438937 /* Episode.swift in Sources */ = {isa = PBXBuildFile; fileRef = 770D5B2F2335858800438937 /* Episode.swift */; };
		77193F35232FD927007FA822 /* Bindable.swift in Sources */ = {isa = PBXBuildFile; fileRef = 77193F34232FD927007FA822 /* Bindable.swift */; };
		77193F37232FE0CB007FA822 /* ShowsViewModel.swift in Sources */ = {isa = PBXBuildFile; fileRef = 77193F36232FE0CB007FA822 /* ShowsViewModel.swift */; };
		77193F3B232FE2D9007FA822 /* PopularsViewModel.swift in Sources */ = {isa = PBXBuildFile; fileRef = 77193F3A232FE2D9007FA822 /* PopularsViewModel.swift */; };
		77193F3D232FE57F007FA822 /* TVShowListViewModel.swift in Sources */ = {isa = PBXBuildFile; fileRef = 77193F3C232FE57F007FA822 /* TVShowListViewModel.swift */; };
		77193F3F232FEB4A007FA822 /* SearchViewModel.swift in Sources */ = {isa = PBXBuildFile; fileRef = 77193F3E232FEB4A007FA822 /* SearchViewModel.swift */; };
		77193F42232FF168007FA822 /* ResultsSearchViewModel.swift in Sources */ = {isa = PBXBuildFile; fileRef = 77193F41232FF168007FA822 /* ResultsSearchViewModel.swift */; };
		77193F44232FF8F5007FA822 /* TVShowDetailViewModel.swift in Sources */ = {isa = PBXBuildFile; fileRef = 77193F43232FF8F5007FA822 /* TVShowDetailViewModel.swift */; };
		7722CE52230D7DFA003DC4C5 /* PopularsViewController.swift in Sources */ = {isa = PBXBuildFile; fileRef = 7722CE51230D7DFA003DC4C5 /* PopularsViewController.swift */; };
		7722CE58230D90AF003DC4C5 /* Genre.swift in Sources */ = {isa = PBXBuildFile; fileRef = 7722CE57230D90AF003DC4C5 /* Genre.swift */; };
		7722CE5A230D924C003DC4C5 /* SearchViewController.swift in Sources */ = {isa = PBXBuildFile; fileRef = 7722CE59230D924C003DC4C5 /* SearchViewController.swift */; };
		7722CE5E230D9A36003DC4C5 /* GenreListResult.swift in Sources */ = {isa = PBXBuildFile; fileRef = 7722CE5D230D9A36003DC4C5 /* GenreListResult.swift */; };
		7722CE60230DA1C3003DC4C5 /* TVShowDetailViewController.swift in Sources */ = {isa = PBXBuildFile; fileRef = 7722CE5F230DA1C3003DC4C5 /* TVShowDetailViewController.swift */; };
		7736A088231FF25500566F0B /* MainTabBarController.swift in Sources */ = {isa = PBXBuildFile; fileRef = 7736A087231FF25500566F0B /* MainTabBarController.swift */; };
		7736A08B231FF84A00566F0B /* AiringToday.storyboard in Resources */ = {isa = PBXBuildFile; fileRef = 7736A08A231FF84A00566F0B /* AiringToday.storyboard */; };
		7736A08D231FF8BF00566F0B /* PopularShows.storyboard in Resources */ = {isa = PBXBuildFile; fileRef = 7736A08C231FF8BF00566F0B /* PopularShows.storyboard */; };
		7736A091231FFFD300566F0B /* SearchShows.storyboard in Resources */ = {isa = PBXBuildFile; fileRef = 7736A090231FFFD300566F0B /* SearchShows.storyboard */; };
		77B3CCD4232D7CC100921D23 /* TVShowViewCell.swift in Sources */ = {isa = PBXBuildFile; fileRef = 77B3CCD2232D7CC100921D23 /* TVShowViewCell.swift */; };
		77B3CCD5232D7CC100921D23 /* TVShowViewCell.xib in Resources */ = {isa = PBXBuildFile; fileRef = 77B3CCD3232D7CC100921D23 /* TVShowViewCell.xib */; };
		77CDBB3E23438A3400B29691 /* EmptyView.xib in Resources */ = {isa = PBXBuildFile; fileRef = 77CDBB3D23438A3400B29691 /* EmptyView.xib */; };
		77CDBB4023438A4600B29691 /* EmptyView.swift in Sources */ = {isa = PBXBuildFile; fileRef = 77CDBB3F23438A4600B29691 /* EmptyView.swift */; };
		77CDBB4323439C7300B29691 /* ErrorView.xib in Resources */ = {isa = PBXBuildFile; fileRef = 77CDBB4223439C7300B29691 /* ErrorView.xib */; };
		77CDBB4523439C8000B29691 /* ErrorView.swift in Sources */ = {isa = PBXBuildFile; fileRef = 77CDBB4423439C7F00B29691 /* ErrorView.swift */; };
		77DB76EA231487BE00A1DE77 /* TVShowList.storyboard in Resources */ = {isa = PBXBuildFile; fileRef = 77DB76E9231487BE00A1DE77 /* TVShowList.storyboard */; };
		77DB76EC2314890A00A1DE77 /* TVShowListViewController.swift in Sources */ = {isa = PBXBuildFile; fileRef = 77DB76EB2314890A00A1DE77 /* TVShowListViewController.swift */; };
		77E119DA232DD3C200A01ACF /* GenreViewCell.swift in Sources */ = {isa = PBXBuildFile; fileRef = 77E119D8232DD3C200A01ACF /* GenreViewCell.swift */; };
		77E119DB232DD3C200A01ACF /* GenreViewCell.xib in Resources */ = {isa = PBXBuildFile; fileRef = 77E119D9232DD3C200A01ACF /* GenreViewCell.xib */; };
		77E119E0232DE02A00A01ACF /* TVShowCellViewModel.swift in Sources */ = {isa = PBXBuildFile; fileRef = 77E119DF232DE02A00A01ACF /* TVShowCellViewModel.swift */; };
		77E119E2232DE39900A01ACF /* AiringTodayViewModel.swift in Sources */ = {isa = PBXBuildFile; fileRef = 77E119E1232DE39900A01ACF /* AiringTodayViewModel.swift */; };
		77E26213230D7C490066B1CB /* AiringTodayViewController.swift in Sources */ = {isa = PBXBuildFile; fileRef = 77E26212230D7C490066B1CB /* AiringTodayViewController.swift */; };
		77E37AAA2314270700C692DA /* TVShowDetail.storyboard in Resources */ = {isa = PBXBuildFile; fileRef = 77E37AA92314270700C692DA /* TVShowDetail.storyboard */; };
		77E37AAE23142CAC00C692DA /* ResultsSearchViewController.swift in Sources */ = {isa = PBXBuildFile; fileRef = 77E37AAD23142CAC00C692DA /* ResultsSearchViewController.swift */; };
		77EEF7FF233AA6C40054A499 /* SeasonEpisodeCollectionViewCell.swift in Sources */ = {isa = PBXBuildFile; fileRef = 77EEF7FD233AA6C40054A499 /* SeasonEpisodeCollectionViewCell.swift */; };
		77EEF800233AA6C40054A499 /* SeasonEpisodeCollectionViewCell.xib in Resources */ = {isa = PBXBuildFile; fileRef = 77EEF7FE233AA6C40054A499 /* SeasonEpisodeCollectionViewCell.xib */; };
		77EEF804233AA70A0054A499 /* SeasonEpisodeTableViewCell.swift in Sources */ = {isa = PBXBuildFile; fileRef = 77EEF802233AA70A0054A499 /* SeasonEpisodeTableViewCell.swift */; };
		77EEF805233AA70A0054A499 /* SeasonEpisodeTableViewCell.xib in Resources */ = {isa = PBXBuildFile; fileRef = 77EEF803233AA70A0054A499 /* SeasonEpisodeTableViewCell.xib */; };
		77EEF807233AA73A0054A499 /* SeasonEpisodeTableViewModel.swift in Sources */ = {isa = PBXBuildFile; fileRef = 77EEF806233AA73A0054A499 /* SeasonEpisodeTableViewModel.swift */; };
		77EEF809233AA8330054A499 /* SeasonEpisodeCollectionViewModel.swift in Sources */ = {isa = PBXBuildFile; fileRef = 77EEF808233AA8330054A499 /* SeasonEpisodeCollectionViewModel.swift */; };
		77F46327230C9F5A008FB9D6 /* AppDelegate.swift in Sources */ = {isa = PBXBuildFile; fileRef = 77F46326230C9F5A008FB9D6 /* AppDelegate.swift */; };
		77F4632C230C9F5A008FB9D6 /* Main.storyboard in Resources */ = {isa = PBXBuildFile; fileRef = 77F4632A230C9F5A008FB9D6 /* Main.storyboard */; };
		77F4632E230C9F5C008FB9D6 /* Assets.xcassets in Resources */ = {isa = PBXBuildFile; fileRef = 77F4632D230C9F5C008FB9D6 /* Assets.xcassets */; };
		77F46331230C9F5C008FB9D6 /* LaunchScreen.storyboard in Resources */ = {isa = PBXBuildFile; fileRef = 77F4632F230C9F5C008FB9D6 /* LaunchScreen.storyboard */; };
		77F4633D230CA864008FB9D6 /* TVShow.swift in Sources */ = {isa = PBXBuildFile; fileRef = 77F4633C230CA864008FB9D6 /* TVShow.swift */; };
		77F46345230CB059008FB9D6 /* TVShowResult.swift in Sources */ = {isa = PBXBuildFile; fileRef = 77F46344230CB059008FB9D6 /* TVShowResult.swift */; };
		77F46347230CB157008FB9D6 /* TMDBClient.swift in Sources */ = {isa = PBXBuildFile; fileRef = 77F46346230CB157008FB9D6 /* TMDBClient.swift */; };
		77FFB0912339544D00D17CF0 /* DefaultSeasonTableViewController.swift in Sources */ = {isa = PBXBuildFile; fileRef = 77FFB0902339544D00D17CF0 /* DefaultSeasonTableViewController.swift */; };
		77FFB0932339556B00D17CF0 /* DefaultSeasonTableViewModel.swift in Sources */ = {isa = PBXBuildFile; fileRef = 77FFB0922339556B00D17CF0 /* DefaultSeasonTableViewModel.swift */; };
		77FFDE2D233BA54600C4096F /* SeasonHeaderView.xib in Resources */ = {isa = PBXBuildFile; fileRef = 77FFDE2C233BA54600C4096F /* SeasonHeaderView.xib */; };
		77FFDE30233BA6C500C4096F /* SeasonHeaderView.swift in Sources */ = {isa = PBXBuildFile; fileRef = 77FFDE2F233BA6C500C4096F /* SeasonHeaderView.swift */; };
		77FFDE32233BB5FE00C4096F /* SeasonHeaderViewModel.swift in Sources */ = {isa = PBXBuildFile; fileRef = 77FFDE31233BB5FE00C4096F /* SeasonHeaderViewModel.swift */; };
/* End PBXBuildFile section */

/* Begin PBXFileReference section */
		770373852345134100775698 /* AiringTodayCollectionViewCell.swift */ = {isa = PBXFileReference; lastKnownFileType = sourcecode.swift; path = AiringTodayCollectionViewCell.swift; sourceTree = "<group>"; };
		770373862345134100775698 /* AiringTodayCollectionViewCell.xib */ = {isa = PBXFileReference; lastKnownFileType = file.xib; path = AiringTodayCollectionViewCell.xib; sourceTree = "<group>"; };
		7703738A234517B000775698 /* AiringTodayCollectionViewModel.swift */ = {isa = PBXFileReference; lastKnownFileType = sourcecode.swift; path = AiringTodayCollectionViewModel.swift; sourceTree = "<group>"; };
		77054AA9233999430026B868 /* SeasonListTableViewModel.swift */ = {isa = PBXFileReference; lastKnownFileType = sourcecode.swift; path = SeasonListTableViewModel.swift; sourceTree = "<group>"; };
		770B5C34230E06B2002019E6 /* TVShowDetailResult.swift */ = {isa = PBXFileReference; lastKnownFileType = sourcecode.swift; path = TVShowDetailResult.swift; sourceTree = "<group>"; };
		770D102E2339408A00CD84B2 /* SeasonsListViewController.swift */ = {isa = PBXFileReference; lastKnownFileType = sourcecode.swift; path = SeasonsListViewController.swift; sourceTree = "<group>"; };
		770D1034233941BF00CD84B2 /* SeasonListTableViewCell.swift */ = {isa = PBXFileReference; lastKnownFileType = sourcecode.swift; path = SeasonListTableViewCell.swift; sourceTree = "<group>"; };
		770D1035233941BF00CD84B2 /* SeasonListTableViewCell.xib */ = {isa = PBXFileReference; lastKnownFileType = file.xib; path = SeasonListTableViewCell.xib; sourceTree = "<group>"; };
		770D5B2B23355E9100438937 /* SeasonsList.storyboard */ = {isa = PBXFileReference; lastKnownFileType = file.storyboard; path = SeasonsList.storyboard; sourceTree = "<group>"; };
		770D5B2D233584F000438937 /* SeasonResult.swift */ = {isa = PBXFileReference; lastKnownFileType = sourcecode.swift; path = SeasonResult.swift; sourceTree = "<group>"; };
		770D5B2F2335858800438937 /* Episode.swift */ = {isa = PBXFileReference; lastKnownFileType = sourcecode.swift; path = Episode.swift; sourceTree = "<group>"; };
		77193F34232FD927007FA822 /* Bindable.swift */ = {isa = PBXFileReference; lastKnownFileType = sourcecode.swift; path = Bindable.swift; sourceTree = "<group>"; };
		77193F36232FE0CB007FA822 /* ShowsViewModel.swift */ = {isa = PBXFileReference; lastKnownFileType = sourcecode.swift; path = ShowsViewModel.swift; sourceTree = "<group>"; };
		77193F3A232FE2D9007FA822 /* PopularsViewModel.swift */ = {isa = PBXFileReference; lastKnownFileType = sourcecode.swift; path = PopularsViewModel.swift; sourceTree = "<group>"; };
		77193F3C232FE57F007FA822 /* TVShowListViewModel.swift */ = {isa = PBXFileReference; lastKnownFileType = sourcecode.swift; path = TVShowListViewModel.swift; sourceTree = "<group>"; };
		77193F3E232FEB4A007FA822 /* SearchViewModel.swift */ = {isa = PBXFileReference; lastKnownFileType = sourcecode.swift; path = SearchViewModel.swift; sourceTree = "<group>"; };
		77193F41232FF168007FA822 /* ResultsSearchViewModel.swift */ = {isa = PBXFileReference; lastKnownFileType = sourcecode.swift; path = ResultsSearchViewModel.swift; sourceTree = "<group>"; };
		77193F43232FF8F5007FA822 /* TVShowDetailViewModel.swift */ = {isa = PBXFileReference; lastKnownFileType = sourcecode.swift; path = TVShowDetailViewModel.swift; sourceTree = "<group>"; };
		7722CE51230D7DFA003DC4C5 /* PopularsViewController.swift */ = {isa = PBXFileReference; lastKnownFileType = sourcecode.swift; path = PopularsViewController.swift; sourceTree = "<group>"; };
		7722CE57230D90AF003DC4C5 /* Genre.swift */ = {isa = PBXFileReference; lastKnownFileType = sourcecode.swift; path = Genre.swift; sourceTree = "<group>"; };
		7722CE59230D924C003DC4C5 /* SearchViewController.swift */ = {isa = PBXFileReference; lastKnownFileType = sourcecode.swift; path = SearchViewController.swift; sourceTree = "<group>"; };
		7722CE5D230D9A36003DC4C5 /* GenreListResult.swift */ = {isa = PBXFileReference; lastKnownFileType = sourcecode.swift; path = GenreListResult.swift; sourceTree = "<group>"; };
		7722CE5F230DA1C3003DC4C5 /* TVShowDetailViewController.swift */ = {isa = PBXFileReference; lastKnownFileType = sourcecode.swift; path = TVShowDetailViewController.swift; sourceTree = "<group>"; };
		7736A087231FF25500566F0B /* MainTabBarController.swift */ = {isa = PBXFileReference; lastKnownFileType = sourcecode.swift; path = MainTabBarController.swift; sourceTree = "<group>"; };
		7736A08A231FF84A00566F0B /* AiringToday.storyboard */ = {isa = PBXFileReference; lastKnownFileType = file.storyboard; path = AiringToday.storyboard; sourceTree = "<group>"; };
		7736A08C231FF8BF00566F0B /* PopularShows.storyboard */ = {isa = PBXFileReference; lastKnownFileType = file.storyboard; path = PopularShows.storyboard; sourceTree = "<group>"; };
		7736A090231FFFD300566F0B /* SearchShows.storyboard */ = {isa = PBXFileReference; fileEncoding = 4; lastKnownFileType = file.storyboard; path = SearchShows.storyboard; sourceTree = "<group>"; };
		77B3CCD2232D7CC100921D23 /* TVShowViewCell.swift */ = {isa = PBXFileReference; lastKnownFileType = sourcecode.swift; path = TVShowViewCell.swift; sourceTree = "<group>"; };
		77B3CCD3232D7CC100921D23 /* TVShowViewCell.xib */ = {isa = PBXFileReference; lastKnownFileType = file.xib; path = TVShowViewCell.xib; sourceTree = "<group>"; };
		77CDBB3D23438A3400B29691 /* EmptyView.xib */ = {isa = PBXFileReference; lastKnownFileType = file.xib; path = EmptyView.xib; sourceTree = "<group>"; };
		77CDBB3F23438A4600B29691 /* EmptyView.swift */ = {isa = PBXFileReference; lastKnownFileType = sourcecode.swift; path = EmptyView.swift; sourceTree = "<group>"; };
		77CDBB4223439C7300B29691 /* ErrorView.xib */ = {isa = PBXFileReference; lastKnownFileType = file.xib; path = ErrorView.xib; sourceTree = "<group>"; };
		77CDBB4423439C7F00B29691 /* ErrorView.swift */ = {isa = PBXFileReference; lastKnownFileType = sourcecode.swift; path = ErrorView.swift; sourceTree = "<group>"; };
		77DB76E9231487BE00A1DE77 /* TVShowList.storyboard */ = {isa = PBXFileReference; lastKnownFileType = file.storyboard; path = TVShowList.storyboard; sourceTree = "<group>"; };
		77DB76EB2314890A00A1DE77 /* TVShowListViewController.swift */ = {isa = PBXFileReference; lastKnownFileType = sourcecode.swift; path = TVShowListViewController.swift; sourceTree = "<group>"; };
		77E119D8232DD3C200A01ACF /* GenreViewCell.swift */ = {isa = PBXFileReference; lastKnownFileType = sourcecode.swift; path = GenreViewCell.swift; sourceTree = "<group>"; };
		77E119D9232DD3C200A01ACF /* GenreViewCell.xib */ = {isa = PBXFileReference; lastKnownFileType = file.xib; path = GenreViewCell.xib; sourceTree = "<group>"; };
		77E119DF232DE02A00A01ACF /* TVShowCellViewModel.swift */ = {isa = PBXFileReference; lastKnownFileType = sourcecode.swift; path = TVShowCellViewModel.swift; sourceTree = "<group>"; };
		77E119E1232DE39900A01ACF /* AiringTodayViewModel.swift */ = {isa = PBXFileReference; lastKnownFileType = sourcecode.swift; path = AiringTodayViewModel.swift; sourceTree = "<group>"; };
		77E26212230D7C490066B1CB /* AiringTodayViewController.swift */ = {isa = PBXFileReference; lastKnownFileType = sourcecode.swift; path = AiringTodayViewController.swift; sourceTree = "<group>"; };
		77E37AA92314270700C692DA /* TVShowDetail.storyboard */ = {isa = PBXFileReference; lastKnownFileType = file.storyboard; path = TVShowDetail.storyboard; sourceTree = "<group>"; };
		77E37AAD23142CAC00C692DA /* ResultsSearchViewController.swift */ = {isa = PBXFileReference; lastKnownFileType = sourcecode.swift; path = ResultsSearchViewController.swift; sourceTree = "<group>"; };
		77EEF7FD233AA6C40054A499 /* SeasonEpisodeCollectionViewCell.swift */ = {isa = PBXFileReference; lastKnownFileType = sourcecode.swift; path = SeasonEpisodeCollectionViewCell.swift; sourceTree = "<group>"; };
		77EEF7FE233AA6C40054A499 /* SeasonEpisodeCollectionViewCell.xib */ = {isa = PBXFileReference; lastKnownFileType = file.xib; path = SeasonEpisodeCollectionViewCell.xib; sourceTree = "<group>"; };
		77EEF802233AA70A0054A499 /* SeasonEpisodeTableViewCell.swift */ = {isa = PBXFileReference; lastKnownFileType = sourcecode.swift; path = SeasonEpisodeTableViewCell.swift; sourceTree = "<group>"; };
		77EEF803233AA70A0054A499 /* SeasonEpisodeTableViewCell.xib */ = {isa = PBXFileReference; lastKnownFileType = file.xib; path = SeasonEpisodeTableViewCell.xib; sourceTree = "<group>"; };
		77EEF806233AA73A0054A499 /* SeasonEpisodeTableViewModel.swift */ = {isa = PBXFileReference; lastKnownFileType = sourcecode.swift; path = SeasonEpisodeTableViewModel.swift; sourceTree = "<group>"; };
		77EEF808233AA8330054A499 /* SeasonEpisodeCollectionViewModel.swift */ = {isa = PBXFileReference; lastKnownFileType = sourcecode.swift; path = SeasonEpisodeCollectionViewModel.swift; sourceTree = "<group>"; };
		77F46323230C9F5A008FB9D6 /* TVToday.app */ = {isa = PBXFileReference; explicitFileType = wrapper.application; includeInIndex = 0; path = TVToday.app; sourceTree = BUILT_PRODUCTS_DIR; };
		77F46326230C9F5A008FB9D6 /* AppDelegate.swift */ = {isa = PBXFileReference; lastKnownFileType = sourcecode.swift; path = AppDelegate.swift; sourceTree = "<group>"; };
		77F4632B230C9F5A008FB9D6 /* Base */ = {isa = PBXFileReference; lastKnownFileType = file.storyboard; name = Base; path = Base.lproj/Main.storyboard; sourceTree = "<group>"; };
		77F4632D230C9F5C008FB9D6 /* Assets.xcassets */ = {isa = PBXFileReference; lastKnownFileType = folder.assetcatalog; path = Assets.xcassets; sourceTree = "<group>"; };
		77F46330230C9F5C008FB9D6 /* Base */ = {isa = PBXFileReference; lastKnownFileType = file.storyboard; name = Base; path = Base.lproj/LaunchScreen.storyboard; sourceTree = "<group>"; };
		77F46332230C9F5C008FB9D6 /* Info.plist */ = {isa = PBXFileReference; lastKnownFileType = text.plist.xml; path = Info.plist; sourceTree = "<group>"; };
		77F4633C230CA864008FB9D6 /* TVShow.swift */ = {isa = PBXFileReference; lastKnownFileType = sourcecode.swift; path = TVShow.swift; sourceTree = "<group>"; };
		77F46344230CB059008FB9D6 /* TVShowResult.swift */ = {isa = PBXFileReference; lastKnownFileType = sourcecode.swift; path = TVShowResult.swift; sourceTree = "<group>"; };
		77F46346230CB157008FB9D6 /* TMDBClient.swift */ = {isa = PBXFileReference; lastKnownFileType = sourcecode.swift; path = TMDBClient.swift; sourceTree = "<group>"; };
		77FFB0902339544D00D17CF0 /* DefaultSeasonTableViewController.swift */ = {isa = PBXFileReference; lastKnownFileType = sourcecode.swift; path = DefaultSeasonTableViewController.swift; sourceTree = "<group>"; };
		77FFB0922339556B00D17CF0 /* DefaultSeasonTableViewModel.swift */ = {isa = PBXFileReference; lastKnownFileType = sourcecode.swift; path = DefaultSeasonTableViewModel.swift; sourceTree = "<group>"; };
		77FFDE2C233BA54600C4096F /* SeasonHeaderView.xib */ = {isa = PBXFileReference; lastKnownFileType = file.xib; path = SeasonHeaderView.xib; sourceTree = "<group>"; };
		77FFDE2F233BA6C500C4096F /* SeasonHeaderView.swift */ = {isa = PBXFileReference; lastKnownFileType = sourcecode.swift; path = SeasonHeaderView.swift; sourceTree = "<group>"; };
		77FFDE31233BB5FE00C4096F /* SeasonHeaderViewModel.swift */ = {isa = PBXFileReference; lastKnownFileType = sourcecode.swift; path = SeasonHeaderViewModel.swift; sourceTree = "<group>"; };
/* End PBXFileReference section */

/* Begin PBXFrameworksBuildPhase section */
		77F46320230C9F5A008FB9D6 /* Frameworks */ = {
			isa = PBXFrameworksBuildPhase;
			buildActionMask = 2147483647;
			files = (
			);
			runOnlyForDeploymentPostprocessing = 0;
		};
/* End PBXFrameworksBuildPhase section */

/* Begin PBXGroup section */
		770373892345134700775698 /* Airing Today */ = {
			isa = PBXGroup;
			children = (
				770373852345134100775698 /* AiringTodayCollectionViewCell.swift */,
				7703738A234517B000775698 /* AiringTodayCollectionViewModel.swift */,
				770373862345134100775698 /* AiringTodayCollectionViewCell.xib */,
			);
			path = "Airing Today";
			sourceTree = "<group>";
		};
		770D102D2339406500CD84B2 /* Seasons */ = {
			isa = PBXGroup;
			children = (
				770D102E2339408A00CD84B2 /* SeasonsListViewController.swift */,
				77FFB0942339557200D17CF0 /* DefaultSeason */,
			);
			path = Seasons;
			sourceTree = "<group>";
		};
		770D1030233940B200CD84B2 /* Seasons */ = {
			isa = PBXGroup;
			children = (
				770D1038233941C200CD84B2 /* SeasonList */,
				77EEF801233AA6C90054A499 /* SeasonEpisodeList */,
			);
			path = Seasons;
			sourceTree = "<group>";
		};
		770D1038233941C200CD84B2 /* SeasonList */ = {
			isa = PBXGroup;
			children = (
				770D1034233941BF00CD84B2 /* SeasonListTableViewCell.swift */,
				770D1035233941BF00CD84B2 /* SeasonListTableViewCell.xib */,
				77054AA9233999430026B868 /* SeasonListTableViewModel.swift */,
			);
			path = SeasonList;
			sourceTree = "<group>";
		};
		77193F33232FD912007FA822 /* Helpers */ = {
			isa = PBXGroup;
			children = (
				77193F34232FD927007FA822 /* Bindable.swift */,
			);
			path = Helpers;
			sourceTree = "<group>";
		};
		77193F38232FE162007FA822 /* AiringToday */ = {
			isa = PBXGroup;
			children = (
				77E26212230D7C490066B1CB /* AiringTodayViewController.swift */,
				77E119E1232DE39900A01ACF /* AiringTodayViewModel.swift */,
			);
			path = AiringToday;
			sourceTree = "<group>";
		};
		77193F39232FE2A3007FA822 /* Populars */ = {
			isa = PBXGroup;
			children = (
				7722CE51230D7DFA003DC4C5 /* PopularsViewController.swift */,
				77193F3A232FE2D9007FA822 /* PopularsViewModel.swift */,
			);
			path = Populars;
			sourceTree = "<group>";
		};
		77193F40232FEFDF007FA822 /* SearchResults */ = {
			isa = PBXGroup;
			children = (
				77E37AAD23142CAC00C692DA /* ResultsSearchViewController.swift */,
				77193F41232FF168007FA822 /* ResultsSearchViewModel.swift */,
			);
			path = SearchResults;
			sourceTree = "<group>";
		};
		7736A089231FF43100566F0B /* TabBar */ = {
			isa = PBXGroup;
			children = (
				7736A087231FF25500566F0B /* MainTabBarController.swift */,
			);
			path = TabBar;
			sourceTree = "<group>";
		};
		77B3CCCE232D7C2400921D23 /* ViewComponents */ = {
			isa = PBXGroup;
			children = (
				77B3CCCF232D7C2D00921D23 /* Cells */,
			);
			path = ViewComponents;
			sourceTree = "<group>";
		};
		77B3CCCF232D7C2D00921D23 /* Cells */ = {
			isa = PBXGroup;
			children = (
				770D1030233940B200CD84B2 /* Seasons */,
				77E119DD232DD42800A01ACF /* ShowList */,
				77E119DC232DD41D00A01ACF /* Genre */,
			);
			path = Cells;
			sourceTree = "<group>";
		};
		77C8165E232BFB1200752B06 /* Networking */ = {
			isa = PBXGroup;
			children = (
				77F46343230CAE11008FB9D6 /* Feed Results */,
				77F46348230CB169008FB9D6 /* TMDB Client */,
			);
			path = Networking;
			sourceTree = "<group>";
		};
		77CDBB4123438A4B00B29691 /* EmptyView */ = {
			isa = PBXGroup;
			children = (
				77CDBB3D23438A3400B29691 /* EmptyView.xib */,
				77CDBB3F23438A4600B29691 /* EmptyView.swift */,
			);
			path = EmptyView;
			sourceTree = "<group>";
		};
		77CDBB4623439C8400B29691 /* ErrorView */ = {
			isa = PBXGroup;
			children = (
				77CDBB4223439C7300B29691 /* ErrorView.xib */,
				77CDBB4423439C7F00B29691 /* ErrorView.swift */,
			);
			path = ErrorView;
			sourceTree = "<group>";
		};
		77DB76ED2314890E00A1DE77 /* Lists */ = {
			isa = PBXGroup;
			children = (
				77DB76EB2314890A00A1DE77 /* TVShowListViewController.swift */,
				77193F3C232FE57F007FA822 /* TVShowListViewModel.swift */,
			);
			path = Lists;
			sourceTree = "<group>";
		};
		77E119DC232DD41D00A01ACF /* Genre */ = {
			isa = PBXGroup;
			children = (
				77E119D8232DD3C200A01ACF /* GenreViewCell.swift */,
				77E119D9232DD3C200A01ACF /* GenreViewCell.xib */,
			);
			path = Genre;
			sourceTree = "<group>";
		};
		77E119DD232DD42800A01ACF /* ShowList */ = {
			isa = PBXGroup;
			children = (
				77B3CCD2232D7CC100921D23 /* TVShowViewCell.swift */,
				77B3CCD3232D7CC100921D23 /* TVShowViewCell.xib */,
				77E119DF232DE02A00A01ACF /* TVShowCellViewModel.swift */,
				770373892345134700775698 /* Airing Today */,
			);
			path = ShowList;
			sourceTree = "<group>";
		};
		77E119DE232DDAA300A01ACF /* Search */ = {
			isa = PBXGroup;
			children = (
				7722CE59230D924C003DC4C5 /* SearchViewController.swift */,
				77193F3E232FEB4A007FA822 /* SearchViewModel.swift */,
				77193F40232FEFDF007FA822 /* SearchResults */,
			);
			path = Search;
			sourceTree = "<group>";
		};
		77E37AA8231426F600C692DA /* StoryBoards */ = {
			isa = PBXGroup;
			children = (
				77F4632F230C9F5C008FB9D6 /* LaunchScreen.storyboard */,
				77F4632A230C9F5A008FB9D6 /* Main.storyboard */,
				7736A08A231FF84A00566F0B /* AiringToday.storyboard */,
				7736A08C231FF8BF00566F0B /* PopularShows.storyboard */,
				7736A090231FFFD300566F0B /* SearchShows.storyboard */,
				77DB76E9231487BE00A1DE77 /* TVShowList.storyboard */,
				77E37AA92314270700C692DA /* TVShowDetail.storyboard */,
				770D5B2B23355E9100438937 /* SeasonsList.storyboard */,
			);
			path = StoryBoards;
			sourceTree = "<group>";
		};
		77E37AAB2314276300C692DA /* Scenes */ = {
			isa = PBXGroup;
			children = (
				77193F36232FE0CB007FA822 /* ShowsViewModel.swift */,
				77193F38232FE162007FA822 /* AiringToday */,
				77193F39232FE2A3007FA822 /* Populars */,
				77E119DE232DDAA300A01ACF /* Search */,
				7736A089231FF43100566F0B /* TabBar */,
				77E37AAC2314276F00C692DA /* TVShowDetail */,
				77DB76ED2314890E00A1DE77 /* Lists */,
				770D102D2339406500CD84B2 /* Seasons */,
			);
			path = Scenes;
			sourceTree = "<group>";
		};
		77E37AAC2314276F00C692DA /* TVShowDetail */ = {
			isa = PBXGroup;
			children = (
				7722CE5F230DA1C3003DC4C5 /* TVShowDetailViewController.swift */,
				77193F43232FF8F5007FA822 /* TVShowDetailViewModel.swift */,
			);
			path = TVShowDetail;
			sourceTree = "<group>";
		};
		77EEF801233AA6C90054A499 /* SeasonEpisodeList */ = {
			isa = PBXGroup;
			children = (
				77EEF802233AA70A0054A499 /* SeasonEpisodeTableViewCell.swift */,
				77EEF803233AA70A0054A499 /* SeasonEpisodeTableViewCell.xib */,
				77EEF806233AA73A0054A499 /* SeasonEpisodeTableViewModel.swift */,
				77EEF7FD233AA6C40054A499 /* SeasonEpisodeCollectionViewCell.swift */,
				77EEF7FE233AA6C40054A499 /* SeasonEpisodeCollectionViewCell.xib */,
				77EEF808233AA8330054A499 /* SeasonEpisodeCollectionViewModel.swift */,
			);
			path = SeasonEpisodeList;
			sourceTree = "<group>";
		};
		77F4631A230C9F5A008FB9D6 = {
			isa = PBXGroup;
			children = (
				77F46325230C9F5A008FB9D6 /* MyMovies */,
				77F46324230C9F5A008FB9D6 /* Products */,
			);
			sourceTree = "<group>";
		};
		77F46324230C9F5A008FB9D6 /* Products */ = {
			isa = PBXGroup;
			children = (
				77F46323230C9F5A008FB9D6 /* TVToday.app */,
			);
			name = Products;
			sourceTree = "<group>";
		};
		77F46325230C9F5A008FB9D6 /* MyMovies */ = {
			isa = PBXGroup;
			children = (
				77C8165E232BFB1200752B06 /* Networking */,
				77F4633E230CA86D008FB9D6 /* Entities */,
				77B3CCCE232D7C2400921D23 /* ViewComponents */,
				77E37AAB2314276300C692DA /* Scenes */,
				77E37AA8231426F600C692DA /* StoryBoards */,
				77193F33232FD912007FA822 /* Helpers */,
				77F4632D230C9F5C008FB9D6 /* Assets.xcassets */,
				77F46332230C9F5C008FB9D6 /* Info.plist */,
				77F46326230C9F5A008FB9D6 /* AppDelegate.swift */,
			);
			path = MyMovies;
			sourceTree = "<group>";
		};
		77F4633E230CA86D008FB9D6 /* Entities */ = {
			isa = PBXGroup;
			children = (
				77F4633C230CA864008FB9D6 /* TVShow.swift */,
				7722CE57230D90AF003DC4C5 /* Genre.swift */,
				770B5C34230E06B2002019E6 /* TVShowDetailResult.swift */,
				770D5B2F2335858800438937 /* Episode.swift */,
			);
			path = Entities;
			sourceTree = "<group>";
		};
		77F46343230CAE11008FB9D6 /* Feed Results */ = {
			isa = PBXGroup;
			children = (
				77F46344230CB059008FB9D6 /* TVShowResult.swift */,
				7722CE5D230D9A36003DC4C5 /* GenreListResult.swift */,
				770D5B2D233584F000438937 /* SeasonResult.swift */,
			);
			path = "Feed Results";
			sourceTree = "<group>";
		};
		77F46348230CB169008FB9D6 /* TMDB Client */ = {
			isa = PBXGroup;
			children = (
				77F46346230CB157008FB9D6 /* TMDBClient.swift */,
			);
			path = "TMDB Client";
			sourceTree = "<group>";
		};
		77FFB0942339557200D17CF0 /* DefaultSeason */ = {
			isa = PBXGroup;
			children = (
				77FFB0902339544D00D17CF0 /* DefaultSeasonTableViewController.swift */,
				77FFB0922339556B00D17CF0 /* DefaultSeasonTableViewModel.swift */,
				77FFDE2E233BA54B00C4096F /* HeaderView */,
				77CDBB4123438A4B00B29691 /* EmptyView */,
				77CDBB4623439C8400B29691 /* ErrorView */,
			);
			path = DefaultSeason;
			sourceTree = "<group>";
		};
		77FFDE2E233BA54B00C4096F /* HeaderView */ = {
			isa = PBXGroup;
			children = (
				77FFDE2F233BA6C500C4096F /* SeasonHeaderView.swift */,
				77FFDE2C233BA54600C4096F /* SeasonHeaderView.xib */,
				77FFDE31233BB5FE00C4096F /* SeasonHeaderViewModel.swift */,
			);
			path = HeaderView;
			sourceTree = "<group>";
		};
/* End PBXGroup section */

/* Begin PBXNativeTarget section */
		77F46322230C9F5A008FB9D6 /* TVToday */ = {
			isa = PBXNativeTarget;
			buildConfigurationList = 77F46335230C9F5C008FB9D6 /* Build configuration list for PBXNativeTarget "TVToday" */;
			buildPhases = (
				77F4631F230C9F5A008FB9D6 /* Sources */,
				77F46320230C9F5A008FB9D6 /* Frameworks */,
				77F46321230C9F5A008FB9D6 /* Resources */,
			);
			buildRules = (
			);
			dependencies = (
			);
			name = TVToday;
			productName = MyMovies;
			productReference = 77F46323230C9F5A008FB9D6 /* TVToday.app */;
			productType = "com.apple.product-type.application";
		};
/* End PBXNativeTarget section */

/* Begin PBXProject section */
		77F4631B230C9F5A008FB9D6 /* Project object */ = {
			isa = PBXProject;
			attributes = {
				LastSwiftUpdateCheck = 1020;
				LastUpgradeCheck = 1020;
				ORGANIZATIONNAME = Jeans;
				TargetAttributes = {
					77F46322230C9F5A008FB9D6 = {
						CreatedOnToolsVersion = 10.2.1;
					};
				};
			};
			buildConfigurationList = 77F4631E230C9F5A008FB9D6 /* Build configuration list for PBXProject "TVToday" */;
			compatibilityVersion = "Xcode 9.3";
			developmentRegion = en;
			hasScannedForEncodings = 0;
			knownRegions = (
				en,
				Base,
			);
			mainGroup = 77F4631A230C9F5A008FB9D6;
			productRefGroup = 77F46324230C9F5A008FB9D6 /* Products */;
			projectDirPath = "";
			projectRoot = "";
			targets = (
				77F46322230C9F5A008FB9D6 /* TVToday */,
			);
		};
/* End PBXProject section */

/* Begin PBXResourcesBuildPhase section */
		77F46321230C9F5A008FB9D6 /* Resources */ = {
			isa = PBXResourcesBuildPhase;
			buildActionMask = 2147483647;
			files = (
				770D1037233941BF00CD84B2 /* SeasonListTableViewCell.xib in Resources */,
				77E119DB232DD3C200A01ACF /* GenreViewCell.xib in Resources */,
				77EEF805233AA70A0054A499 /* SeasonEpisodeTableViewCell.xib in Resources */,
				77E37AAA2314270700C692DA /* TVShowDetail.storyboard in Resources */,
				77CDBB4323439C7300B29691 /* ErrorView.xib in Resources */,
				77F46331230C9F5C008FB9D6 /* LaunchScreen.storyboard in Resources */,
				77B3CCD5232D7CC100921D23 /* TVShowViewCell.xib in Resources */,
				77FFDE2D233BA54600C4096F /* SeasonHeaderView.xib in Resources */,
				7736A08B231FF84A00566F0B /* AiringToday.storyboard in Resources */,
				77CDBB3E23438A3400B29691 /* EmptyView.xib in Resources */,
				770D5B2C23355E9100438937 /* SeasonsList.storyboard in Resources */,
				7736A08D231FF8BF00566F0B /* PopularShows.storyboard in Resources */,
				77DB76EA231487BE00A1DE77 /* TVShowList.storyboard in Resources */,
				77F4632E230C9F5C008FB9D6 /* Assets.xcassets in Resources */,
				770373882345134100775698 /* AiringTodayCollectionViewCell.xib in Resources */,
				77EEF800233AA6C40054A499 /* SeasonEpisodeCollectionViewCell.xib in Resources */,
				77F4632C230C9F5A008FB9D6 /* Main.storyboard in Resources */,
				7736A091231FFFD300566F0B /* SearchShows.storyboard in Resources */,
			);
			runOnlyForDeploymentPostprocessing = 0;
		};
/* End PBXResourcesBuildPhase section */

/* Begin PBXSourcesBuildPhase section */
		77F4631F230C9F5A008FB9D6 /* Sources */ = {
			isa = PBXSourcesBuildPhase;
			buildActionMask = 2147483647;
			files = (
				7722CE5A230D924C003DC4C5 /* SearchViewController.swift in Sources */,
				77CDBB4023438A4600B29691 /* EmptyView.swift in Sources */,
				77193F3D232FE57F007FA822 /* TVShowListViewModel.swift in Sources */,
				77193F37232FE0CB007FA822 /* ShowsViewModel.swift in Sources */,
				7736A088231FF25500566F0B /* MainTabBarController.swift in Sources */,
				77193F3B232FE2D9007FA822 /* PopularsViewModel.swift in Sources */,
				77FFDE30233BA6C500C4096F /* SeasonHeaderView.swift in Sources */,
				77EEF807233AA73A0054A499 /* SeasonEpisodeTableViewModel.swift in Sources */,
				77F46347230CB157008FB9D6 /* TMDBClient.swift in Sources */,
				77F46327230C9F5A008FB9D6 /* AppDelegate.swift in Sources */,
				77E26213230D7C490066B1CB /* AiringTodayViewController.swift in Sources */,
				77F46345230CB059008FB9D6 /* TVShowResult.swift in Sources */,
				770D102F2339408A00CD84B2 /* SeasonsListViewController.swift in Sources */,
				77FFB0912339544D00D17CF0 /* DefaultSeasonTableViewController.swift in Sources */,
				7722CE5E230D9A36003DC4C5 /* GenreListResult.swift in Sources */,
				77CDBB4523439C8000B29691 /* ErrorView.swift in Sources */,
				770B5C35230E06B2002019E6 /* TVShowDetailResult.swift in Sources */,
				77193F42232FF168007FA822 /* ResultsSearchViewModel.swift in Sources */,
				77E119E2232DE39900A01ACF /* AiringTodayViewModel.swift in Sources */,
				77193F35232FD927007FA822 /* Bindable.swift in Sources */,
				7703738B234517B000775698 /* AiringTodayCollectionViewModel.swift in Sources */,
				77E119DA232DD3C200A01ACF /* GenreViewCell.swift in Sources */,
				77193F3F232FEB4A007FA822 /* SearchViewModel.swift in Sources */,
				77EEF7FF233AA6C40054A499 /* SeasonEpisodeCollectionViewCell.swift in Sources */,
				77054AAA233999440026B868 /* SeasonListTableViewModel.swift in Sources */,
				77EEF804233AA70A0054A499 /* SeasonEpisodeTableViewCell.swift in Sources */,
				770D5B302335858800438937 /* Episode.swift in Sources */,
				77E37AAE23142CAC00C692DA /* ResultsSearchViewController.swift in Sources */,
				7722CE60230DA1C3003DC4C5 /* TVShowDetailViewController.swift in Sources */,
				77FFDE32233BB5FE00C4096F /* SeasonHeaderViewModel.swift in Sources */,
				77F4633D230CA864008FB9D6 /* TVShow.swift in Sources */,
				77FFB0932339556B00D17CF0 /* DefaultSeasonTableViewModel.swift in Sources */,
				77B3CCD4232D7CC100921D23 /* TVShowViewCell.swift in Sources */,
				77193F44232FF8F5007FA822 /* TVShowDetailViewModel.swift in Sources */,
				7722CE52230D7DFA003DC4C5 /* PopularsViewController.swift in Sources */,
				770373872345134100775698 /* AiringTodayCollectionViewCell.swift in Sources */,
				7722CE58230D90AF003DC4C5 /* Genre.swift in Sources */,
				77EEF809233AA8330054A499 /* SeasonEpisodeCollectionViewModel.swift in Sources */,
				770D5B2E233584F000438937 /* SeasonResult.swift in Sources */,
				77DB76EC2314890A00A1DE77 /* TVShowListViewController.swift in Sources */,
				770D1036233941BF00CD84B2 /* SeasonListTableViewCell.swift in Sources */,
				77E119E0232DE02A00A01ACF /* TVShowCellViewModel.swift in Sources */,
			);
			runOnlyForDeploymentPostprocessing = 0;
		};
/* End PBXSourcesBuildPhase section */

/* Begin PBXVariantGroup section */
		77F4632A230C9F5A008FB9D6 /* Main.storyboard */ = {
			isa = PBXVariantGroup;
			children = (
				77F4632B230C9F5A008FB9D6 /* Base */,
			);
			name = Main.storyboard;
			sourceTree = "<group>";
		};
		77F4632F230C9F5C008FB9D6 /* LaunchScreen.storyboard */ = {
			isa = PBXVariantGroup;
			children = (
				77F46330230C9F5C008FB9D6 /* Base */,
			);
			name = LaunchScreen.storyboard;
			sourceTree = "<group>";
		};
/* End PBXVariantGroup section */

/* Begin XCBuildConfiguration section */
		77F46333230C9F5C008FB9D6 /* Debug */ = {
			isa = XCBuildConfiguration;
			buildSettings = {
				ALWAYS_SEARCH_USER_PATHS = NO;
				CLANG_ANALYZER_NONNULL = YES;
				CLANG_ANALYZER_NUMBER_OBJECT_CONVERSION = YES_AGGRESSIVE;
				CLANG_CXX_LANGUAGE_STANDARD = "gnu++14";
				CLANG_CXX_LIBRARY = "libc++";
				CLANG_ENABLE_MODULES = YES;
				CLANG_ENABLE_OBJC_ARC = YES;
				CLANG_ENABLE_OBJC_WEAK = YES;
				CLANG_WARN_BLOCK_CAPTURE_AUTORELEASING = YES;
				CLANG_WARN_BOOL_CONVERSION = YES;
				CLANG_WARN_COMMA = YES;
				CLANG_WARN_CONSTANT_CONVERSION = YES;
				CLANG_WARN_DEPRECATED_OBJC_IMPLEMENTATIONS = YES;
				CLANG_WARN_DIRECT_OBJC_ISA_USAGE = YES_ERROR;
				CLANG_WARN_DOCUMENTATION_COMMENTS = YES;
				CLANG_WARN_EMPTY_BODY = YES;
				CLANG_WARN_ENUM_CONVERSION = YES;
				CLANG_WARN_INFINITE_RECURSION = YES;
				CLANG_WARN_INT_CONVERSION = YES;
				CLANG_WARN_NON_LITERAL_NULL_CONVERSION = YES;
				CLANG_WARN_OBJC_IMPLICIT_RETAIN_SELF = YES;
				CLANG_WARN_OBJC_LITERAL_CONVERSION = YES;
				CLANG_WARN_OBJC_ROOT_CLASS = YES_ERROR;
				CLANG_WARN_RANGE_LOOP_ANALYSIS = YES;
				CLANG_WARN_STRICT_PROTOTYPES = YES;
				CLANG_WARN_SUSPICIOUS_MOVE = YES;
				CLANG_WARN_UNGUARDED_AVAILABILITY = YES_AGGRESSIVE;
				CLANG_WARN_UNREACHABLE_CODE = YES;
				CLANG_WARN__DUPLICATE_METHOD_MATCH = YES;
				CODE_SIGN_IDENTITY = "iPhone Developer";
				COPY_PHASE_STRIP = NO;
				DEBUG_INFORMATION_FORMAT = dwarf;
				ENABLE_STRICT_OBJC_MSGSEND = YES;
				ENABLE_TESTABILITY = YES;
				GCC_C_LANGUAGE_STANDARD = gnu11;
				GCC_DYNAMIC_NO_PIC = NO;
				GCC_NO_COMMON_BLOCKS = YES;
				GCC_OPTIMIZATION_LEVEL = 0;
				GCC_PREPROCESSOR_DEFINITIONS = (
					"DEBUG=1",
					"$(inherited)",
				);
				GCC_WARN_64_TO_32_BIT_CONVERSION = YES;
				GCC_WARN_ABOUT_RETURN_TYPE = YES_ERROR;
				GCC_WARN_UNDECLARED_SELECTOR = YES;
				GCC_WARN_UNINITIALIZED_AUTOS = YES_AGGRESSIVE;
				GCC_WARN_UNUSED_FUNCTION = YES;
				GCC_WARN_UNUSED_VARIABLE = YES;
				IPHONEOS_DEPLOYMENT_TARGET = 12.2;
				MTL_ENABLE_DEBUG_INFO = INCLUDE_SOURCE;
				MTL_FAST_MATH = YES;
				ONLY_ACTIVE_ARCH = YES;
				SDKROOT = iphoneos;
				SWIFT_ACTIVE_COMPILATION_CONDITIONS = DEBUG;
				SWIFT_OPTIMIZATION_LEVEL = "-Onone";
			};
			name = Debug;
		};
		77F46334230C9F5C008FB9D6 /* Release */ = {
			isa = XCBuildConfiguration;
			buildSettings = {
				ALWAYS_SEARCH_USER_PATHS = NO;
				CLANG_ANALYZER_NONNULL = YES;
				CLANG_ANALYZER_NUMBER_OBJECT_CONVERSION = YES_AGGRESSIVE;
				CLANG_CXX_LANGUAGE_STANDARD = "gnu++14";
				CLANG_CXX_LIBRARY = "libc++";
				CLANG_ENABLE_MODULES = YES;
				CLANG_ENABLE_OBJC_ARC = YES;
				CLANG_ENABLE_OBJC_WEAK = YES;
				CLANG_WARN_BLOCK_CAPTURE_AUTORELEASING = YES;
				CLANG_WARN_BOOL_CONVERSION = YES;
				CLANG_WARN_COMMA = YES;
				CLANG_WARN_CONSTANT_CONVERSION = YES;
				CLANG_WARN_DEPRECATED_OBJC_IMPLEMENTATIONS = YES;
				CLANG_WARN_DIRECT_OBJC_ISA_USAGE = YES_ERROR;
				CLANG_WARN_DOCUMENTATION_COMMENTS = YES;
				CLANG_WARN_EMPTY_BODY = YES;
				CLANG_WARN_ENUM_CONVERSION = YES;
				CLANG_WARN_INFINITE_RECURSION = YES;
				CLANG_WARN_INT_CONVERSION = YES;
				CLANG_WARN_NON_LITERAL_NULL_CONVERSION = YES;
				CLANG_WARN_OBJC_IMPLICIT_RETAIN_SELF = YES;
				CLANG_WARN_OBJC_LITERAL_CONVERSION = YES;
				CLANG_WARN_OBJC_ROOT_CLASS = YES_ERROR;
				CLANG_WARN_RANGE_LOOP_ANALYSIS = YES;
				CLANG_WARN_STRICT_PROTOTYPES = YES;
				CLANG_WARN_SUSPICIOUS_MOVE = YES;
				CLANG_WARN_UNGUARDED_AVAILABILITY = YES_AGGRESSIVE;
				CLANG_WARN_UNREACHABLE_CODE = YES;
				CLANG_WARN__DUPLICATE_METHOD_MATCH = YES;
				CODE_SIGN_IDENTITY = "iPhone Developer";
				COPY_PHASE_STRIP = NO;
				DEBUG_INFORMATION_FORMAT = "dwarf-with-dsym";
				ENABLE_NS_ASSERTIONS = NO;
				ENABLE_STRICT_OBJC_MSGSEND = YES;
				GCC_C_LANGUAGE_STANDARD = gnu11;
				GCC_NO_COMMON_BLOCKS = YES;
				GCC_WARN_64_TO_32_BIT_CONVERSION = YES;
				GCC_WARN_ABOUT_RETURN_TYPE = YES_ERROR;
				GCC_WARN_UNDECLARED_SELECTOR = YES;
				GCC_WARN_UNINITIALIZED_AUTOS = YES_AGGRESSIVE;
				GCC_WARN_UNUSED_FUNCTION = YES;
				GCC_WARN_UNUSED_VARIABLE = YES;
				IPHONEOS_DEPLOYMENT_TARGET = 12.2;
				MTL_ENABLE_DEBUG_INFO = NO;
				MTL_FAST_MATH = YES;
				SDKROOT = iphoneos;
				SWIFT_COMPILATION_MODE = wholemodule;
				SWIFT_OPTIMIZATION_LEVEL = "-O";
				VALIDATE_PRODUCT = YES;
			};
			name = Release;
		};
		77F46336230C9F5C008FB9D6 /* Debug */ = {
			isa = XCBuildConfiguration;
			buildSettings = {
				ASSETCATALOG_COMPILER_APPICON_NAME = AppIcon;
				CODE_SIGN_STYLE = Automatic;
				DEVELOPMENT_TEAM = DV4PUUR55B;
				INFOPLIST_FILE = MyMovies/Info.plist;
				LD_RUNPATH_SEARCH_PATHS = (
					"$(inherited)",
					"@executable_path/Frameworks",
				);
				PRODUCT_BUNDLE_IDENTIFIER = home.rcaos.tvtoday;
				PRODUCT_NAME = "$(TARGET_NAME)";
				SWIFT_VERSION = 5.0;
				TARGETED_DEVICE_FAMILY = "1,2";
			};
			name = Debug;
		};
		77F46337230C9F5C008FB9D6 /* Release */ = {
			isa = XCBuildConfiguration;
			buildSettings = {
				ASSETCATALOG_COMPILER_APPICON_NAME = AppIcon;
				CODE_SIGN_STYLE = Automatic;
				DEVELOPMENT_TEAM = DV4PUUR55B;
				INFOPLIST_FILE = MyMovies/Info.plist;
				LD_RUNPATH_SEARCH_PATHS = (
					"$(inherited)",
					"@executable_path/Frameworks",
				);
				PRODUCT_BUNDLE_IDENTIFIER = home.rcaos.tvtoday;
				PRODUCT_NAME = "$(TARGET_NAME)";
				SWIFT_VERSION = 5.0;
				TARGETED_DEVICE_FAMILY = "1,2";
			};
			name = Release;
		};
/* End XCBuildConfiguration section */

/* Begin XCConfigurationList section */
		77F4631E230C9F5A008FB9D6 /* Build configuration list for PBXProject "TVToday" */ = {
			isa = XCConfigurationList;
			buildConfigurations = (
				77F46333230C9F5C008FB9D6 /* Debug */,
				77F46334230C9F5C008FB9D6 /* Release */,
			);
			defaultConfigurationIsVisible = 0;
			defaultConfigurationName = Release;
		};
		77F46335230C9F5C008FB9D6 /* Build configuration list for PBXNativeTarget "TVToday" */ = {
			isa = XCConfigurationList;
			buildConfigurations = (
				77F46336230C9F5C008FB9D6 /* Debug */,
				77F46337230C9F5C008FB9D6 /* Release */,
			);
			defaultConfigurationIsVisible = 0;
			defaultConfigurationName = Release;
		};
/* End XCConfigurationList section */
	};
	rootObject = 77F4631B230C9F5A008FB9D6 /* Project object */;
}
